<?xml version="1.0" encoding="utf-8"?>
<Project ToolsVersion="15.0" xmlns="http://schemas.microsoft.com/developer/msbuild/2003">
  <ItemGroup>
    <ClCompile Include="D:\opengl_res\ogl-master\playground\playground.cpp">
      <Filter>Source Files</Filter>
    </ClCompile>
    <ClCompile Include="D:\opengl_res\ogl-master\common\shader.cpp">
      <Filter>common</Filter>
    </ClCompile>
    <ClCompile Include="..\ogl-master\playground\opengltask.cpp">
      <Filter>Source Files</Filter>
    </ClCompile>
    <ClCompile Include="..\ogl-master\playground\othertask.cpp">
      <Filter>Source Files</Filter>
    </ClCompile>
    <ClCompile Include="..\ogl-master\playground\tool.cpp">
      <Filter>Source Files</Filter>
    </ClCompile>
    <ClCompile Include="control.cpp">
      <Filter>common</Filter>
    </ClCompile>
    <ClCompile Include="..\ogl-master\playground\opengltask1.cpp">
      <Filter>Source Files</Filter>
    </ClCompile>
  </ItemGroup>
  <ItemGroup>
    <ClInclude Include="D:\opengl_res\ogl-master\common\shader.hpp">
      <Filter>common</Filter>
    </ClInclude>
    <ClInclude Include="..\ogl-master\playground\itask.h">
      <Filter>Source Files</Filter>
    </ClInclude>
    <ClInclude Include="..\ogl-master\playground\opengltask.h">
      <Filter>Source Files</Filter>
    </ClInclude>
    <ClInclude Include="..\ogl-master\playground\othertask.h">
      <Filter>Source Files</Filter>
    </ClInclude>
    <ClInclude Include="..\ogl-master\playground\tool.h">
      <Filter>Source Files</Filter>
    </ClInclude>
    <ClInclude Include="..\ogl-master\playground\vertexdata.h">
      <Filter>Source Files</Filter>
    </ClInclude>
    <ClInclude Include="control.h">
      <Filter>common</Filter>
    </ClInclude>
    <ClInclude Include="..\ogl-master\playground\opengltask1.h">
      <Filter>Source Files</Filter>
    </ClInclude>
  </ItemGroup>
  <ItemGroup>
    <CustomBuild Include="D:\opengl_res\ogl-master\CMakeLists.txt" />
  </ItemGroup>
  <ItemGroup>
    <Filter Include="Source Files">
      <UniqueIdentifier>{BBE680A7-FE93-3A0F-A960-2C996CC5CED5}</UniqueIdentifier>
    </Filter>
    <Filter Include="common">
      <UniqueIdentifier>{338A053C-80CC-3BB2-BFB9-8B177124408D}</UniqueIdentifier>
    </Filter>
    <Filter Include="shaders">
      <UniqueIdentifier>{0d931a0a-c52d-47fa-99bd-649c3e10334b}</UniqueIdentifier>
    </Filter>
  </ItemGroup>
  <ItemGroup>
    <None Include="..\ogl-master\playground\Custom.vertexshader">
      <Filter>shaders</Filter>
    </None>
    <None Include="..\ogl-master\playground\Custom.fragmentshader">
      <Filter>shaders</Filter>
    </None>
  </ItemGroup>
</Project>