<?xml version="1.0" encoding="UTF-8"?>
<Project ToolsVersion="15.0" xmlns="http://schemas.microsoft.com/developer/msbuild/2003">
  <ItemGroup>
    <ClCompile Include="D:\opengl_res\ogl-master\tutorial08_basic_shading\tutorial08.cpp">
      <Filter>Source Files</Filter>
    </ClCompile>
    <ClCompile Include="D:\opengl_res\ogl-master\common\shader.cpp">
      <Filter>common</Filter>
    </ClCompile>
    <ClCompile Include="D:\opengl_res\ogl-master\common\controls.cpp">
      <Filter>common</Filter>
    </ClCompile>
    <ClCompile Include="D:\opengl_res\ogl-master\common\texture.cpp">
      <Filter>common</Filter>
    </ClCompile>
    <ClCompile Include="D:\opengl_res\ogl-master\common\objloader.cpp">
      <Filter>common</Filter>
    </ClCompile>
  </ItemGroup>
  <ItemGroup>
    <ClInclude Include="D:\opengl_res\ogl-master\common\shader.hpp">
      <Filter>common</Filter>
    </ClInclude>
    <ClInclude Include="D:\opengl_res\ogl-master\common\controls.hpp">
      <Filter>common</Filter>
    </ClInclude>
    <ClInclude Include="D:\opengl_res\ogl-master\common\texture.hpp">
      <Filter>common</Filter>
    </ClInclude>
    <ClInclude Include="D:\opengl_res\ogl-master\common\objloader.hpp">
      <Filter>common</Filter>
    </ClInclude>
  </ItemGroup>
  <ItemGroup>
    <CustomBuild Include="D:\opengl_res\ogl-master\CMakeLists.txt" />
  </ItemGroup>
  <ItemGroup>
    <None Include="D:\opengl_res\ogl-master\tutorial08_basic_shading\StandardShading.vertexshader">
      <Filter>shaders</Filter>
    </None>
    <None Include="D:\opengl_res\ogl-master\tutorial08_basic_shading\StandardShading.fragmentshader">
      <Filter>shaders</Filter>
    </None>
  </ItemGroup>
  <ItemGroup>
    <Filter Include="Source Files">
      <UniqueIdentifier>{BBE680A7-FE93-3A0F-A960-2C996CC5CED5}</UniqueIdentifier>
    </Filter>
    <Filter Include="common">
      <UniqueIdentifier>{338A053C-80CC-3BB2-BFB9-8B177124408D}</UniqueIdentifier>
    </Filter>
    <Filter Include="shaders">
      <UniqueIdentifier>{5A111A2E-7028-33A4-8A97-EFF836C148A1}</UniqueIdentifier>
    </Filter>
  </ItemGroup>
</Project>
