Microsoft Visual Studio Solution File, Format Version 12.00
# Visual Studio 15
Project("{2150E333-8FDC-42A3-9474-1A3956D46DE8}") = "CMakePredefinedTargets", "CMakePredefinedTargets", "{4E5E8CE9-DB20-3DC3-9CDC-A9FF34D9F52A}"
EndProject
Project("{2150E333-8FDC-42A3-9474-1A3956D46DE8}") = "GLFW3", "GLFW3", "{C739642A-D03D-3A40-AD92-5565CD408091}"
EndProject
Project("{2150E333-8FDC-42A3-9474-1A3956D46DE8}") = "Examples", "GLFW3\Examples", "{19B9F8E7-ABFC-3FC9-96D6-1E40AB50D6CF}"
EndProject
Project("{2150E333-8FDC-42A3-9474-1A3956D46DE8}") = "Tests", "GLFW3\Tests", "{79A2F006-5921-3F91-9FAC-7AD3343C999D}"
EndProject
Project("{8BC9CEB8-8B4A-11D0-8D11-00A0C91BC942}") = "ALL_BUILD", "ALL_BUILD.vcxproj", "{D2F0BC25-62E4-3C5F-91EB-37D4660FEE61}"
	ProjectSection(ProjectDependencies) = postProject
		{8D0B1B5D-9713-3698-9984-3C1B8E1E66E4} = {8D0B1B5D-9713-3698-9984-3C1B8E1E66E4}
		{873C7958-7DB8-359B-BAD4-4E993A5899DE} = {873C7958-7DB8-359B-BAD4-4E993A5899DE}
		{FD63B53C-775A-3B60-9ECF-8EB196A6B9ED} = {FD63B53C-775A-3B60-9ECF-8EB196A6B9ED}
		{D6D4CC3A-7F4C-3A3D-A71C-D2D9DD143032} = {D6D4CC3A-7F4C-3A3D-A71C-D2D9DD143032}
		{A23F224D-4D00-3114-9CB0-056D2F5BF09F} = {A23F224D-4D00-3114-9CB0-056D2F5BF09F}
		{33A33C52-2A6C-3325-B193-9DF9CB90C53B} = {33A33C52-2A6C-3325-B193-9DF9CB90C53B}
		{5BAA5A72-11B4-386C-868E-EB0FC0FD1E01} = {5BAA5A72-11B4-386C-868E-EB0FC0FD1E01}
		{991CD8A8-8434-3C99-BF08-80484B936AB0} = {991CD8A8-8434-3C99-BF08-80484B936AB0}
		{B91D7BE4-9236-38D6-85BA-65446D0A1ACE} = {B91D7BE4-9236-38D6-85BA-65446D0A1ACE}
		{1C113FE1-2288-3EBA-9848-EAB5BC75B60A} = {1C113FE1-2288-3EBA-9848-EAB5BC75B60A}
		{A2BD6347-1719-3E82-BDA2-D3CDA1C05CFB} = {A2BD6347-1719-3E82-BDA2-D3CDA1C05CFB}
		{CAE274AD-5928-376E-84C7-722DDB171C41} = {CAE274AD-5928-376E-84C7-722DDB171C41}
		{42D9AC5C-42B8-3D1E-A49E-6B675744139D} = {42D9AC5C-42B8-3D1E-A49E-6B675744139D}
		{6E0E7E7C-BD2D-3958-8626-E5729E582D40} = {6E0E7E7C-BD2D-3958-8626-E5729E582D40}
		{28789BFD-B21F-39A8-9C11-E2DDE545138F} = {28789BFD-B21F-39A8-9C11-E2DDE545138F}
		{9EC3A57B-0A5C-3E68-9527-C1D4D3CA4DA9} = {9EC3A57B-0A5C-3E68-9527-C1D4D3CA4DA9}
		{C18C1C14-6231-3A5B-9AB2-3988C73538DE} = {C18C1C14-6231-3A5B-9AB2-3988C73538DE}
		{7CB3662E-058E-35AC-8002-B3AEAD632EBB} = {7CB3662E-058E-35AC-8002-B3AEAD632EBB}
		{5F600FA1-2EC7-398D-933E-615C139EF0BA} = {5F600FA1-2EC7-398D-933E-615C139EF0BA}
		{74690E88-97AB-3B3D-A604-66AF98BDE4A8} = {74690E88-97AB-3B3D-A604-66AF98BDE4A8}
		{57CB946F-AFB0-3E31-AF6C-29D922C21F0A} = {57CB946F-AFB0-3E31-AF6C-29D922C21F0A}
		{4269BB26-F7ED-3F2A-95E0-5E8C073DDECB} = {4269BB26-F7ED-3F2A-95E0-5E8C073DDECB}
		{41D0C047-AA8B-39C1-9690-EF33171136CA} = {41D0C047-AA8B-39C1-9690-EF33171136CA}
		{C81F22D7-536C-3B33-9C8C-3329608A4028} = {C81F22D7-536C-3B33-9C8C-3329608A4028}
		{EFFC2D2E-E5C5-3462-8259-FCB5DF0F362F} = {EFFC2D2E-E5C5-3462-8259-FCB5DF0F362F}
		{7336F95C-AF93-374D-BC92-8669E1284DE6} = {7336F95C-AF93-374D-BC92-8669E1284DE6}
		{A7A3B880-18A1-3F7A-95F5-30231B31206E} = {A7A3B880-18A1-3F7A-95F5-30231B31206E}
		{F7315476-C805-35C0-A6C6-2B2915F30B4B} = {F7315476-C805-35C0-A6C6-2B2915F30B4B}
		{F075A113-74D1-3C30-BF0B-4137FAF5EC2B} = {F075A113-74D1-3C30-BF0B-4137FAF5EC2B}
		{F1052ECB-D1D0-3946-81E5-8C049D79725C} = {F1052ECB-D1D0-3946-81E5-8C049D79725C}
		{9C10C631-B48D-3DFB-9D06-08E49C0AE4AF} = {9C10C631-B48D-3DFB-9D06-08E49C0AE4AF}
		{79A6017B-0F00-38F4-A16F-F15DEE2D7219} = {79A6017B-0F00-38F4-A16F-F15DEE2D7219}
		{7B52A59C-98E9-3A09-A186-BFC0BE079F65} = {7B52A59C-98E9-3A09-A186-BFC0BE079F65}
		{7E098BF1-6E12-3867-A95C-9DDEFED1BBFD} = {7E098BF1-6E12-3867-A95C-9DDEFED1BBFD}
		{05AA5D68-8FD2-3702-9746-121D4CCAFDD4} = {05AA5D68-8FD2-3702-9746-121D4CCAFDD4}
		{DB47C04D-5CC6-3562-8F5D-3AFBDACBB0C5} = {DB47C04D-5CC6-3562-8F5D-3AFBDACBB0C5}
		{BC8697CC-F765-3406-AA4D-52785F0B76E2} = {BC8697CC-F765-3406-AA4D-52785F0B76E2}
		{51B1F8EA-364B-3BB9-AC44-69D35AB5506C} = {51B1F8EA-364B-3BB9-AC44-69D35AB5506C}
		{D1C09203-B0BC-31BB-8175-59453379B7D4} = {D1C09203-B0BC-31BB-8175-59453379B7D4}
		{AF679D1C-7B1C-36CF-816D-5D2F405EB369} = {AF679D1C-7B1C-36CF-816D-5D2F405EB369}
		{FA6B67AD-4384-37E0-8E6C-F1AD361DE514} = {FA6B67AD-4384-37E0-8E6C-F1AD361DE514}
		{84053C97-C2E2-3FEE-A19C-A45D235A4EFD} = {84053C97-C2E2-3FEE-A19C-A45D235A4EFD}
		{BF77C8D7-FC2D-3361-A974-BE5F5B734F66} = {BF77C8D7-FC2D-3361-A974-BE5F5B734F66}
		{7BF29F4A-5A18-356E-B9A5-AF7BFB5282D0} = {7BF29F4A-5A18-356E-B9A5-AF7BFB5282D0}
		{F942F531-A399-3592-81DE-34256F2D2EE5} = {F942F531-A399-3592-81DE-34256F2D2EE5}
		{2A654A64-F69A-3B36-B455-778B8B57107A} = {2A654A64-F69A-3B36-B455-778B8B57107A}
		{DDEE66DD-76DB-3D19-A4AC-7D0B58CF1539} = {DDEE66DD-76DB-3D19-A4AC-7D0B58CF1539}
		{5716FA3C-C7F2-30AC-84D5-9B4A173493AE} = {5716FA3C-C7F2-30AC-84D5-9B4A173493AE}
		{7CB79778-D75B-3162-9023-6884A714FFA9} = {7CB79778-D75B-3162-9023-6884A714FFA9}
		{9B9626D1-C87A-38CE-A7FB-D6340EE854C6} = {9B9626D1-C87A-38CE-A7FB-D6340EE854C6}
		{05D8DB0C-0858-3500-998A-C150896AA6F5} = {05D8DB0C-0858-3500-998A-C150896AA6F5}
		{C8A1D816-D53E-3F77-B17F-82C97153B964} = {C8A1D816-D53E-3F77-B17F-82C97153B964}
		{F6B39B81-DB17-391A-96DA-15030B454701} = {F6B39B81-DB17-391A-96DA-15030B454701}
		{EFAD0C71-6D92-362E-A09E-4E24DE0007D7} = {EFAD0C71-6D92-362E-A09E-4E24DE0007D7}
		{915C75C7-426D-3C36-919D-AE091A37EA9A} = {915C75C7-426D-3C36-919D-AE091A37EA9A}
		{6E44A6FB-66F9-3A28-A7E1-70A9A81B4EC6} = {6E44A6FB-66F9-3A28-A7E1-70A9A81B4EC6}
		{E3778A54-4B02-3258-AF2B-7AD67161BCFD} = {E3778A54-4B02-3258-AF2B-7AD67161BCFD}
		{4478A6E6-0F71-33F6-8AB3-3855134A1853} = {4478A6E6-0F71-33F6-8AB3-3855134A1853}
		{CE5C2B6C-0837-30EB-BD46-0393CCF4AC84} = {CE5C2B6C-0837-30EB-BD46-0393CCF4AC84}
	EndProjectSection
EndProject
Project("{8BC9CEB8-8B4A-11D0-8D11-00A0C91BC942}") = "ANTTWEAKBAR_116_OGLCORE_GLFW", "external\ANTTWEAKBAR_116_OGLCORE_GLFW.vcxproj", "{8D0B1B5D-9713-3698-9984-3C1B8E1E66E4}"
	ProjectSection(ProjectDependencies) = postProject
		{5BAA5A72-11B4-386C-868E-EB0FC0FD1E01} = {5BAA5A72-11B4-386C-868E-EB0FC0FD1E01}
	EndProjectSection
EndProject
Project("{8BC9CEB8-8B4A-11D0-8D11-00A0C91BC942}") = "BulletCollision", "external\bullet-2.81-rev2613\src\BulletCollision\BulletCollision.vcxproj", "{873C7958-7DB8-359B-BAD4-4E993A5899DE}"
	ProjectSection(ProjectDependencies) = postProject
		{5BAA5A72-11B4-386C-868E-EB0FC0FD1E01} = {5BAA5A72-11B4-386C-868E-EB0FC0FD1E01}
	EndProjectSection
EndProject
Project("{8BC9CEB8-8B4A-11D0-8D11-00A0C91BC942}") = "BulletDynamics", "external\bullet-2.81-rev2613\src\BulletDynamics\BulletDynamics.vcxproj", "{FD63B53C-775A-3B60-9ECF-8EB196A6B9ED}"
	ProjectSection(ProjectDependencies) = postProject
		{5BAA5A72-11B4-386C-868E-EB0FC0FD1E01} = {5BAA5A72-11B4-386C-868E-EB0FC0FD1E01}
	EndProjectSection
EndProject
Project("{8BC9CEB8-8B4A-11D0-8D11-00A0C91BC942}") = "BulletSoftBody", "external\bullet-2.81-rev2613\src\BulletSoftBody\BulletSoftBody.vcxproj", "{D6D4CC3A-7F4C-3A3D-A71C-D2D9DD143032}"
	ProjectSection(ProjectDependencies) = postProject
		{5BAA5A72-11B4-386C-868E-EB0FC0FD1E01} = {5BAA5A72-11B4-386C-868E-EB0FC0FD1E01}
	EndProjectSection
EndProject
Project("{8BC9CEB8-8B4A-11D0-8D11-00A0C91BC942}") = "GLEW_1130", "external\GLEW_1130.vcxproj", "{A23F224D-4D00-3114-9CB0-056D2F5BF09F}"
	ProjectSection(ProjectDependencies) = postProject
		{5BAA5A72-11B4-386C-868E-EB0FC0FD1E01} = {5BAA5A72-11B4-386C-868E-EB0FC0FD1E01}
	EndProjectSection
EndProject
Project("{8BC9CEB8-8B4A-11D0-8D11-00A0C91BC942}") = "INSTALL", "INSTALL.vcxproj", "{439009C0-684D-309E-87C4-2FCF621C3872}"
	ProjectSection(ProjectDependencies) = postProject
		{D2F0BC25-62E4-3C5F-91EB-37D4660FEE61} = {D2F0BC25-62E4-3C5F-91EB-37D4660FEE61}
		{5BAA5A72-11B4-386C-868E-EB0FC0FD1E01} = {5BAA5A72-11B4-386C-868E-EB0FC0FD1E01}
	EndProjectSection
EndProject
Project("{8BC9CEB8-8B4A-11D0-8D11-00A0C91BC942}") = "LinearMath", "external\bullet-2.81-rev2613\src\LinearMath\LinearMath.vcxproj", "{33A33C52-2A6C-3325-B193-9DF9CB90C53B}"
	ProjectSection(ProjectDependencies) = postProject
		{5BAA5A72-11B4-386C-868E-EB0FC0FD1E01} = {5BAA5A72-11B4-386C-868E-EB0FC0FD1E01}
	EndProjectSection
EndProject
Project("{8BC9CEB8-8B4A-11D0-8D11-00A0C91BC942}") = "ZERO_CHECK", "ZERO_CHECK.vcxproj", "{5BAA5A72-11B4-386C-868E-EB0FC0FD1E01}"
	ProjectSection(ProjectDependencies) = postProject
	EndProjectSection
EndProject
Project("{8BC9CEB8-8B4A-11D0-8D11-00A0C91BC942}") = "assimp", "external\assimp-3.0.1270\code\assimp.vcxproj", "{991CD8A8-8434-3C99-BF08-80484B936AB0}"
	ProjectSection(ProjectDependencies) = postProject
		{5BAA5A72-11B4-386C-868E-EB0FC0FD1E01} = {5BAA5A72-11B4-386C-868E-EB0FC0FD1E01}
		{CE5C2B6C-0837-30EB-BD46-0393CCF4AC84} = {CE5C2B6C-0837-30EB-BD46-0393CCF4AC84}
	EndProjectSection
EndProject
Project("{8BC9CEB8-8B4A-11D0-8D11-00A0C91BC942}") = "boing", "external\glfw-3.1.2\examples\boing.vcxproj", "{B91D7BE4-9236-38D6-85BA-65446D0A1ACE}"
	ProjectSection(ProjectDependencies) = postProject
		{5BAA5A72-11B4-386C-868E-EB0FC0FD1E01} = {5BAA5A72-11B4-386C-868E-EB0FC0FD1E01}
		{9EC3A57B-0A5C-3E68-9527-C1D4D3CA4DA9} = {9EC3A57B-0A5C-3E68-9527-C1D4D3CA4DA9}
	EndProjectSection
EndProject
Project("{8BC9CEB8-8B4A-11D0-8D11-00A0C91BC942}") = "clipboard", "external\glfw-3.1.2\tests\clipboard.vcxproj", "{1C113FE1-2288-3EBA-9848-EAB5BC75B60A}"
	ProjectSection(ProjectDependencies) = postProject
		{5BAA5A72-11B4-386C-868E-EB0FC0FD1E01} = {5BAA5A72-11B4-386C-868E-EB0FC0FD1E01}
		{9EC3A57B-0A5C-3E68-9527-C1D4D3CA4DA9} = {9EC3A57B-0A5C-3E68-9527-C1D4D3CA4DA9}
	EndProjectSection
EndProject
Project("{8BC9CEB8-8B4A-11D0-8D11-00A0C91BC942}") = "cursor", "external\glfw-3.1.2\tests\cursor.vcxproj", "{A2BD6347-1719-3E82-BDA2-D3CDA1C05CFB}"
	ProjectSection(ProjectDependencies) = postProject
		{5BAA5A72-11B4-386C-868E-EB0FC0FD1E01} = {5BAA5A72-11B4-386C-868E-EB0FC0FD1E01}
		{9EC3A57B-0A5C-3E68-9527-C1D4D3CA4DA9} = {9EC3A57B-0A5C-3E68-9527-C1D4D3CA4DA9}
	EndProjectSection
EndProject
Project("{8BC9CEB8-8B4A-11D0-8D11-00A0C91BC942}") = "empty", "external\glfw-3.1.2\tests\empty.vcxproj", "{CAE274AD-5928-376E-84C7-722DDB171C41}"
	ProjectSection(ProjectDependencies) = postProject
		{5BAA5A72-11B4-386C-868E-EB0FC0FD1E01} = {5BAA5A72-11B4-386C-868E-EB0FC0FD1E01}
		{9EC3A57B-0A5C-3E68-9527-C1D4D3CA4DA9} = {9EC3A57B-0A5C-3E68-9527-C1D4D3CA4DA9}
	EndProjectSection
EndProject
Project("{8BC9CEB8-8B4A-11D0-8D11-00A0C91BC942}") = "events", "external\glfw-3.1.2\tests\events.vcxproj", "{42D9AC5C-42B8-3D1E-A49E-6B675744139D}"
	ProjectSection(ProjectDependencies) = postProject
		{5BAA5A72-11B4-386C-868E-EB0FC0FD1E01} = {5BAA5A72-11B4-386C-868E-EB0FC0FD1E01}
		{9EC3A57B-0A5C-3E68-9527-C1D4D3CA4DA9} = {9EC3A57B-0A5C-3E68-9527-C1D4D3CA4DA9}
	EndProjectSection
EndProject
Project("{8BC9CEB8-8B4A-11D0-8D11-00A0C91BC942}") = "gamma", "external\glfw-3.1.2\tests\gamma.vcxproj", "{6E0E7E7C-BD2D-3958-8626-E5729E582D40}"
	ProjectSection(ProjectDependencies) = postProject
		{5BAA5A72-11B4-386C-868E-EB0FC0FD1E01} = {5BAA5A72-11B4-386C-868E-EB0FC0FD1E01}
		{9EC3A57B-0A5C-3E68-9527-C1D4D3CA4DA9} = {9EC3A57B-0A5C-3E68-9527-C1D4D3CA4DA9}
	EndProjectSection
EndProject
Project("{8BC9CEB8-8B4A-11D0-8D11-00A0C91BC942}") = "gears", "external\glfw-3.1.2\examples\gears.vcxproj", "{28789BFD-B21F-39A8-9C11-E2DDE545138F}"
	ProjectSection(ProjectDependencies) = postProject
		{5BAA5A72-11B4-386C-868E-EB0FC0FD1E01} = {5BAA5A72-11B4-386C-868E-EB0FC0FD1E01}
		{9EC3A57B-0A5C-3E68-9527-C1D4D3CA4DA9} = {9EC3A57B-0A5C-3E68-9527-C1D4D3CA4DA9}
	EndProjectSection
EndProject
Project("{8BC9CEB8-8B4A-11D0-8D11-00A0C91BC942}") = "glfw", "external\glfw-3.1.2\src\glfw.vcxproj", "{9EC3A57B-0A5C-3E68-9527-C1D4D3CA4DA9}"
	ProjectSection(ProjectDependencies) = postProject
		{5BAA5A72-11B4-386C-868E-EB0FC0FD1E01} = {5BAA5A72-11B4-386C-868E-EB0FC0FD1E01}
	EndProjectSection
EndProject
Project("{8BC9CEB8-8B4A-11D0-8D11-00A0C91BC942}") = "glfwinfo", "external\glfw-3.1.2\tests\glfwinfo.vcxproj", "{C18C1C14-6231-3A5B-9AB2-3988C73538DE}"
	ProjectSection(ProjectDependencies) = postProject
		{5BAA5A72-11B4-386C-868E-EB0FC0FD1E01} = {5BAA5A72-11B4-386C-868E-EB0FC0FD1E01}
		{9EC3A57B-0A5C-3E68-9527-C1D4D3CA4DA9} = {9EC3A57B-0A5C-3E68-9527-C1D4D3CA4DA9}
	EndProjectSection
EndProject
Project("{8BC9CEB8-8B4A-11D0-8D11-00A0C91BC942}") = "heightmap", "external\glfw-3.1.2\examples\heightmap.vcxproj", "{7CB3662E-058E-35AC-8002-B3AEAD632EBB}"
	ProjectSection(ProjectDependencies) = postProject
		{5BAA5A72-11B4-386C-868E-EB0FC0FD1E01} = {5BAA5A72-11B4-386C-868E-EB0FC0FD1E01}
		{9EC3A57B-0A5C-3E68-9527-C1D4D3CA4DA9} = {9EC3A57B-0A5C-3E68-9527-C1D4D3CA4DA9}
	EndProjectSection
EndProject
Project("{8BC9CEB8-8B4A-11D0-8D11-00A0C91BC942}") = "iconify", "external\glfw-3.1.2\tests\iconify.vcxproj", "{5F600FA1-2EC7-398D-933E-615C139EF0BA}"
	ProjectSection(ProjectDependencies) = postProject
		{5BAA5A72-11B4-386C-868E-EB0FC0FD1E01} = {5BAA5A72-11B4-386C-868E-EB0FC0FD1E01}
		{9EC3A57B-0A5C-3E68-9527-C1D4D3CA4DA9} = {9EC3A57B-0A5C-3E68-9527-C1D4D3CA4DA9}
	EndProjectSection
EndProject
Project("{8BC9CEB8-8B4A-11D0-8D11-00A0C91BC942}") = "joysticks", "external\glfw-3.1.2\tests\joysticks.vcxproj", "{74690E88-97AB-3B3D-A604-66AF98BDE4A8}"
	ProjectSection(ProjectDependencies) = postProject
		{5BAA5A72-11B4-386C-868E-EB0FC0FD1E01} = {5BAA5A72-11B4-386C-868E-EB0FC0FD1E01}
		{9EC3A57B-0A5C-3E68-9527-C1D4D3CA4DA9} = {9EC3A57B-0A5C-3E68-9527-C1D4D3CA4DA9}
	EndProjectSection
EndProject
Project("{8BC9CEB8-8B4A-11D0-8D11-00A0C91BC942}") = "misc05_picking_BulletPhysics", "misc05_picking_BulletPhysics.vcxproj", "{57CB946F-AFB0-3E31-AF6C-29D922C21F0A}"
	ProjectSection(ProjectDependencies) = postProject
		{8D0B1B5D-9713-3698-9984-3C1B8E1E66E4} = {8D0B1B5D-9713-3698-9984-3C1B8E1E66E4}
		{873C7958-7DB8-359B-BAD4-4E993A5899DE} = {873C7958-7DB8-359B-BAD4-4E993A5899DE}
		{FD63B53C-775A-3B60-9ECF-8EB196A6B9ED} = {FD63B53C-775A-3B60-9ECF-8EB196A6B9ED}
		{A23F224D-4D00-3114-9CB0-056D2F5BF09F} = {A23F224D-4D00-3114-9CB0-056D2F5BF09F}
		{33A33C52-2A6C-3325-B193-9DF9CB90C53B} = {33A33C52-2A6C-3325-B193-9DF9CB90C53B}
		{5BAA5A72-11B4-386C-868E-EB0FC0FD1E01} = {5BAA5A72-11B4-386C-868E-EB0FC0FD1E01}
		{9EC3A57B-0A5C-3E68-9527-C1D4D3CA4DA9} = {9EC3A57B-0A5C-3E68-9527-C1D4D3CA4DA9}
	EndProjectSection
EndProject
Project("{8BC9CEB8-8B4A-11D0-8D11-00A0C91BC942}") = "misc05_picking_custom", "misc05_picking_custom.vcxproj", "{4269BB26-F7ED-3F2A-95E0-5E8C073DDECB}"
	ProjectSection(ProjectDependencies) = postProject
		{8D0B1B5D-9713-3698-9984-3C1B8E1E66E4} = {8D0B1B5D-9713-3698-9984-3C1B8E1E66E4}
		{A23F224D-4D00-3114-9CB0-056D2F5BF09F} = {A23F224D-4D00-3114-9CB0-056D2F5BF09F}
		{5BAA5A72-11B4-386C-868E-EB0FC0FD1E01} = {5BAA5A72-11B4-386C-868E-EB0FC0FD1E01}
		{9EC3A57B-0A5C-3E68-9527-C1D4D3CA4DA9} = {9EC3A57B-0A5C-3E68-9527-C1D4D3CA4DA9}
	EndProjectSection
EndProject
Project("{8BC9CEB8-8B4A-11D0-8D11-00A0C91BC942}") = "misc05_picking_slow_easy", "misc05_picking_slow_easy.vcxproj", "{41D0C047-AA8B-39C1-9690-EF33171136CA}"
	ProjectSection(ProjectDependencies) = postProject
		{8D0B1B5D-9713-3698-9984-3C1B8E1E66E4} = {8D0B1B5D-9713-3698-9984-3C1B8E1E66E4}
		{A23F224D-4D00-3114-9CB0-056D2F5BF09F} = {A23F224D-4D00-3114-9CB0-056D2F5BF09F}
		{5BAA5A72-11B4-386C-868E-EB0FC0FD1E01} = {5BAA5A72-11B4-386C-868E-EB0FC0FD1E01}
		{9EC3A57B-0A5C-3E68-9527-C1D4D3CA4DA9} = {9EC3A57B-0A5C-3E68-9527-C1D4D3CA4DA9}
	EndProjectSection
EndProject
Project("{8BC9CEB8-8B4A-11D0-8D11-00A0C91BC942}") = "monitors", "external\glfw-3.1.2\tests\monitors.vcxproj", "{C81F22D7-536C-3B33-9C8C-3329608A4028}"
	ProjectSection(ProjectDependencies) = postProject
		{5BAA5A72-11B4-386C-868E-EB0FC0FD1E01} = {5BAA5A72-11B4-386C-868E-EB0FC0FD1E01}
		{9EC3A57B-0A5C-3E68-9527-C1D4D3CA4DA9} = {9EC3A57B-0A5C-3E68-9527-C1D4D3CA4DA9}
	EndProjectSection
EndProject
Project("{8BC9CEB8-8B4A-11D0-8D11-00A0C91BC942}") = "msaa", "external\glfw-3.1.2\tests\msaa.vcxproj", "{EFFC2D2E-E5C5-3462-8259-FCB5DF0F362F}"
	ProjectSection(ProjectDependencies) = postProject
		{5BAA5A72-11B4-386C-868E-EB0FC0FD1E01} = {5BAA5A72-11B4-386C-868E-EB0FC0FD1E01}
		{9EC3A57B-0A5C-3E68-9527-C1D4D3CA4DA9} = {9EC3A57B-0A5C-3E68-9527-C1D4D3CA4DA9}
	EndProjectSection
EndProject
Project("{8BC9CEB8-8B4A-11D0-8D11-00A0C91BC942}") = "particles", "external\glfw-3.1.2\examples\particles.vcxproj", "{7336F95C-AF93-374D-BC92-8669E1284DE6}"
	ProjectSection(ProjectDependencies) = postProject
		{5BAA5A72-11B4-386C-868E-EB0FC0FD1E01} = {5BAA5A72-11B4-386C-868E-EB0FC0FD1E01}
		{9EC3A57B-0A5C-3E68-9527-C1D4D3CA4DA9} = {9EC3A57B-0A5C-3E68-9527-C1D4D3CA4DA9}
	EndProjectSection
EndProject
Project("{8BC9CEB8-8B4A-11D0-8D11-00A0C91BC942}") = "playground", "playground.vcxproj", "{A7A3B880-18A1-3F7A-95F5-30231B31206E}"
	ProjectSection(ProjectDependencies) = postProject
		{A23F224D-4D00-3114-9CB0-056D2F5BF09F} = {A23F224D-4D00-3114-9CB0-056D2F5BF09F}
		{5BAA5A72-11B4-386C-868E-EB0FC0FD1E01} = {5BAA5A72-11B4-386C-868E-EB0FC0FD1E01}
		{9EC3A57B-0A5C-3E68-9527-C1D4D3CA4DA9} = {9EC3A57B-0A5C-3E68-9527-C1D4D3CA4DA9}
	EndProjectSection
EndProject
Project("{8BC9CEB8-8B4A-11D0-8D11-00A0C91BC942}") = "reopen", "external\glfw-3.1.2\tests\reopen.vcxproj", "{F7315476-C805-35C0-A6C6-2B2915F30B4B}"
	ProjectSection(ProjectDependencies) = postProject
		{5BAA5A72-11B4-386C-868E-EB0FC0FD1E01} = {5BAA5A72-11B4-386C-868E-EB0FC0FD1E01}
		{9EC3A57B-0A5C-3E68-9527-C1D4D3CA4DA9} = {9EC3A57B-0A5C-3E68-9527-C1D4D3CA4DA9}
	EndProjectSection
EndProject
Project("{8BC9CEB8-8B4A-11D0-8D11-00A0C91BC942}") = "sharing", "external\glfw-3.1.2\tests\sharing.vcxproj", "{F075A113-74D1-3C30-BF0B-4137FAF5EC2B}"
	ProjectSection(ProjectDependencies) = postProject
		{5BAA5A72-11B4-386C-868E-EB0FC0FD1E01} = {5BAA5A72-11B4-386C-868E-EB0FC0FD1E01}
		{9EC3A57B-0A5C-3E68-9527-C1D4D3CA4DA9} = {9EC3A57B-0A5C-3E68-9527-C1D4D3CA4DA9}
	EndProjectSection
EndProject
Project("{8BC9CEB8-8B4A-11D0-8D11-00A0C91BC942}") = "simple", "external\glfw-3.1.2\examples\simple.vcxproj", "{F1052ECB-D1D0-3946-81E5-8C049D79725C}"
	ProjectSection(ProjectDependencies) = postProject
		{5BAA5A72-11B4-386C-868E-EB0FC0FD1E01} = {5BAA5A72-11B4-386C-868E-EB0FC0FD1E01}
		{9EC3A57B-0A5C-3E68-9527-C1D4D3CA4DA9} = {9EC3A57B-0A5C-3E68-9527-C1D4D3CA4DA9}
	EndProjectSection
EndProject
Project("{8BC9CEB8-8B4A-11D0-8D11-00A0C91BC942}") = "splitview", "external\glfw-3.1.2\examples\splitview.vcxproj", "{9C10C631-B48D-3DFB-9D06-08E49C0AE4AF}"
	ProjectSection(ProjectDependencies) = postProject
		{5BAA5A72-11B4-386C-868E-EB0FC0FD1E01} = {5BAA5A72-11B4-386C-868E-EB0FC0FD1E01}
		{9EC3A57B-0A5C-3E68-9527-C1D4D3CA4DA9} = {9EC3A57B-0A5C-3E68-9527-C1D4D3CA4DA9}
	EndProjectSection
EndProject
Project("{8BC9CEB8-8B4A-11D0-8D11-00A0C91BC942}") = "tearing", "external\glfw-3.1.2\tests\tearing.vcxproj", "{79A6017B-0F00-38F4-A16F-F15DEE2D7219}"
	ProjectSection(ProjectDependencies) = postProject
		{5BAA5A72-11B4-386C-868E-EB0FC0FD1E01} = {5BAA5A72-11B4-386C-868E-EB0FC0FD1E01}
		{9EC3A57B-0A5C-3E68-9527-C1D4D3CA4DA9} = {9EC3A57B-0A5C-3E68-9527-C1D4D3CA4DA9}
	EndProjectSection
EndProject
Project("{8BC9CEB8-8B4A-11D0-8D11-00A0C91BC942}") = "threads", "external\glfw-3.1.2\tests\threads.vcxproj", "{7B52A59C-98E9-3A09-A186-BFC0BE079F65}"
	ProjectSection(ProjectDependencies) = postProject
		{5BAA5A72-11B4-386C-868E-EB0FC0FD1E01} = {5BAA5A72-11B4-386C-868E-EB0FC0FD1E01}
		{9EC3A57B-0A5C-3E68-9527-C1D4D3CA4DA9} = {9EC3A57B-0A5C-3E68-9527-C1D4D3CA4DA9}
	EndProjectSection
EndProject
Project("{8BC9CEB8-8B4A-11D0-8D11-00A0C91BC942}") = "title", "external\glfw-3.1.2\tests\title.vcxproj", "{7E098BF1-6E12-3867-A95C-9DDEFED1BBFD}"
	ProjectSection(ProjectDependencies) = postProject
		{5BAA5A72-11B4-386C-868E-EB0FC0FD1E01} = {5BAA5A72-11B4-386C-868E-EB0FC0FD1E01}
		{9EC3A57B-0A5C-3E68-9527-C1D4D3CA4DA9} = {9EC3A57B-0A5C-3E68-9527-C1D4D3CA4DA9}
	EndProjectSection
EndProject
Project("{8BC9CEB8-8B4A-11D0-8D11-00A0C91BC942}") = "tutorial01_first_window", "tutorial01_first_window.vcxproj", "{05AA5D68-8FD2-3702-9746-121D4CCAFDD4}"
	ProjectSection(ProjectDependencies) = postProject
		{A23F224D-4D00-3114-9CB0-056D2F5BF09F} = {A23F224D-4D00-3114-9CB0-056D2F5BF09F}
		{5BAA5A72-11B4-386C-868E-EB0FC0FD1E01} = {5BAA5A72-11B4-386C-868E-EB0FC0FD1E01}
		{9EC3A57B-0A5C-3E68-9527-C1D4D3CA4DA9} = {9EC3A57B-0A5C-3E68-9527-C1D4D3CA4DA9}
	EndProjectSection
EndProject
Project("{8BC9CEB8-8B4A-11D0-8D11-00A0C91BC942}") = "tutorial02_red_triangle", "tutorial02_red_triangle.vcxproj", "{DB47C04D-5CC6-3562-8F5D-3AFBDACBB0C5}"
	ProjectSection(ProjectDependencies) = postProject
		{A23F224D-4D00-3114-9CB0-056D2F5BF09F} = {A23F224D-4D00-3114-9CB0-056D2F5BF09F}
		{5BAA5A72-11B4-386C-868E-EB0FC0FD1E01} = {5BAA5A72-11B4-386C-868E-EB0FC0FD1E01}
		{9EC3A57B-0A5C-3E68-9527-C1D4D3CA4DA9} = {9EC3A57B-0A5C-3E68-9527-C1D4D3CA4DA9}
	EndProjectSection
EndProject
Project("{8BC9CEB8-8B4A-11D0-8D11-00A0C91BC942}") = "tutorial03_matrices", "tutorial03_matrices.vcxproj", "{BC8697CC-F765-3406-AA4D-52785F0B76E2}"
	ProjectSection(ProjectDependencies) = postProject
		{A23F224D-4D00-3114-9CB0-056D2F5BF09F} = {A23F224D-4D00-3114-9CB0-056D2F5BF09F}
		{5BAA5A72-11B4-386C-868E-EB0FC0FD1E01} = {5BAA5A72-11B4-386C-868E-EB0FC0FD1E01}
		{9EC3A57B-0A5C-3E68-9527-C1D4D3CA4DA9} = {9EC3A57B-0A5C-3E68-9527-C1D4D3CA4DA9}
	EndProjectSection
EndProject
Project("{8BC9CEB8-8B4A-11D0-8D11-00A0C91BC942}") = "tutorial04_colored_cube", "tutorial04_colored_cube.vcxproj", "{51B1F8EA-364B-3BB9-AC44-69D35AB5506C}"
	ProjectSection(ProjectDependencies) = postProject
		{A23F224D-4D00-3114-9CB0-056D2F5BF09F} = {A23F224D-4D00-3114-9CB0-056D2F5BF09F}
		{5BAA5A72-11B4-386C-868E-EB0FC0FD1E01} = {5BAA5A72-11B4-386C-868E-EB0FC0FD1E01}
		{9EC3A57B-0A5C-3E68-9527-C1D4D3CA4DA9} = {9EC3A57B-0A5C-3E68-9527-C1D4D3CA4DA9}
	EndProjectSection
EndProject
Project("{8BC9CEB8-8B4A-11D0-8D11-00A0C91BC942}") = "tutorial05_textured_cube", "tutorial05_textured_cube.vcxproj", "{D1C09203-B0BC-31BB-8175-59453379B7D4}"
	ProjectSection(ProjectDependencies) = postProject
		{A23F224D-4D00-3114-9CB0-056D2F5BF09F} = {A23F224D-4D00-3114-9CB0-056D2F5BF09F}
		{5BAA5A72-11B4-386C-868E-EB0FC0FD1E01} = {5BAA5A72-11B4-386C-868E-EB0FC0FD1E01}
		{9EC3A57B-0A5C-3E68-9527-C1D4D3CA4DA9} = {9EC3A57B-0A5C-3E68-9527-C1D4D3CA4DA9}
	EndProjectSection
EndProject
Project("{8BC9CEB8-8B4A-11D0-8D11-00A0C91BC942}") = "tutorial06_keyboard_and_mouse", "tutorial06_keyboard_and_mouse.vcxproj", "{AF679D1C-7B1C-36CF-816D-5D2F405EB369}"
	ProjectSection(ProjectDependencies) = postProject
		{A23F224D-4D00-3114-9CB0-056D2F5BF09F} = {A23F224D-4D00-3114-9CB0-056D2F5BF09F}
		{5BAA5A72-11B4-386C-868E-EB0FC0FD1E01} = {5BAA5A72-11B4-386C-868E-EB0FC0FD1E01}
		{9EC3A57B-0A5C-3E68-9527-C1D4D3CA4DA9} = {9EC3A57B-0A5C-3E68-9527-C1D4D3CA4DA9}
	EndProjectSection
EndProject
Project("{8BC9CEB8-8B4A-11D0-8D11-00A0C91BC942}") = "tutorial07_model_loading", "tutorial07_model_loading.vcxproj", "{FA6B67AD-4384-37E0-8E6C-F1AD361DE514}"
	ProjectSection(ProjectDependencies) = postProject
		{A23F224D-4D00-3114-9CB0-056D2F5BF09F} = {A23F224D-4D00-3114-9CB0-056D2F5BF09F}
		{5BAA5A72-11B4-386C-868E-EB0FC0FD1E01} = {5BAA5A72-11B4-386C-868E-EB0FC0FD1E01}
		{9EC3A57B-0A5C-3E68-9527-C1D4D3CA4DA9} = {9EC3A57B-0A5C-3E68-9527-C1D4D3CA4DA9}
	EndProjectSection
EndProject
Project("{8BC9CEB8-8B4A-11D0-8D11-00A0C91BC942}") = "tutorial08_basic_shading", "tutorial08_basic_shading.vcxproj", "{84053C97-C2E2-3FEE-A19C-A45D235A4EFD}"
	ProjectSection(ProjectDependencies) = postProject
		{A23F224D-4D00-3114-9CB0-056D2F5BF09F} = {A23F224D-4D00-3114-9CB0-056D2F5BF09F}
		{5BAA5A72-11B4-386C-868E-EB0FC0FD1E01} = {5BAA5A72-11B4-386C-868E-EB0FC0FD1E01}
		{9EC3A57B-0A5C-3E68-9527-C1D4D3CA4DA9} = {9EC3A57B-0A5C-3E68-9527-C1D4D3CA4DA9}
	EndProjectSection
EndProject
Project("{8BC9CEB8-8B4A-11D0-8D11-00A0C91BC942}") = "tutorial09_AssImp", "tutorial09_AssImp.vcxproj", "{BF77C8D7-FC2D-3361-A974-BE5F5B734F66}"
	ProjectSection(ProjectDependencies) = postProject
		{A23F224D-4D00-3114-9CB0-056D2F5BF09F} = {A23F224D-4D00-3114-9CB0-056D2F5BF09F}
		{5BAA5A72-11B4-386C-868E-EB0FC0FD1E01} = {5BAA5A72-11B4-386C-868E-EB0FC0FD1E01}
		{991CD8A8-8434-3C99-BF08-80484B936AB0} = {991CD8A8-8434-3C99-BF08-80484B936AB0}
		{9EC3A57B-0A5C-3E68-9527-C1D4D3CA4DA9} = {9EC3A57B-0A5C-3E68-9527-C1D4D3CA4DA9}
		{CE5C2B6C-0837-30EB-BD46-0393CCF4AC84} = {CE5C2B6C-0837-30EB-BD46-0393CCF4AC84}
	EndProjectSection
EndProject
Project("{8BC9CEB8-8B4A-11D0-8D11-00A0C91BC942}") = "tutorial09_several_objects", "tutorial09_several_objects.vcxproj", "{7BF29F4A-5A18-356E-B9A5-AF7BFB5282D0}"
	ProjectSection(ProjectDependencies) = postProject
		{A23F224D-4D00-3114-9CB0-056D2F5BF09F} = {A23F224D-4D00-3114-9CB0-056D2F5BF09F}
		{5BAA5A72-11B4-386C-868E-EB0FC0FD1E01} = {5BAA5A72-11B4-386C-868E-EB0FC0FD1E01}
		{9EC3A57B-0A5C-3E68-9527-C1D4D3CA4DA9} = {9EC3A57B-0A5C-3E68-9527-C1D4D3CA4DA9}
	EndProjectSection
EndProject
Project("{8BC9CEB8-8B4A-11D0-8D11-00A0C91BC942}") = "tutorial09_vbo_indexing", "tutorial09_vbo_indexing.vcxproj", "{F942F531-A399-3592-81DE-34256F2D2EE5}"
	ProjectSection(ProjectDependencies) = postProject
		{A23F224D-4D00-3114-9CB0-056D2F5BF09F} = {A23F224D-4D00-3114-9CB0-056D2F5BF09F}
		{5BAA5A72-11B4-386C-868E-EB0FC0FD1E01} = {5BAA5A72-11B4-386C-868E-EB0FC0FD1E01}
		{9EC3A57B-0A5C-3E68-9527-C1D4D3CA4DA9} = {9EC3A57B-0A5C-3E68-9527-C1D4D3CA4DA9}
	EndProjectSection
EndProject
Project("{8BC9CEB8-8B4A-11D0-8D11-00A0C91BC942}") = "tutorial10_transparency", "tutorial10_transparency.vcxproj", "{2A654A64-F69A-3B36-B455-778B8B57107A}"
	ProjectSection(ProjectDependencies) = postProject
		{A23F224D-4D00-3114-9CB0-056D2F5BF09F} = {A23F224D-4D00-3114-9CB0-056D2F5BF09F}
		{5BAA5A72-11B4-386C-868E-EB0FC0FD1E01} = {5BAA5A72-11B4-386C-868E-EB0FC0FD1E01}
		{9EC3A57B-0A5C-3E68-9527-C1D4D3CA4DA9} = {9EC3A57B-0A5C-3E68-9527-C1D4D3CA4DA9}
	EndProjectSection
EndProject
Project("{8BC9CEB8-8B4A-11D0-8D11-00A0C91BC942}") = "tutorial11_2d_fonts", "tutorial11_2d_fonts.vcxproj", "{DDEE66DD-76DB-3D19-A4AC-7D0B58CF1539}"
	ProjectSection(ProjectDependencies) = postProject
		{A23F224D-4D00-3114-9CB0-056D2F5BF09F} = {A23F224D-4D00-3114-9CB0-056D2F5BF09F}
		{5BAA5A72-11B4-386C-868E-EB0FC0FD1E01} = {5BAA5A72-11B4-386C-868E-EB0FC0FD1E01}
		{9EC3A57B-0A5C-3E68-9527-C1D4D3CA4DA9} = {9EC3A57B-0A5C-3E68-9527-C1D4D3CA4DA9}
	EndProjectSection
EndProject
Project("{8BC9CEB8-8B4A-11D0-8D11-00A0C91BC942}") = "tutorial12_extensions", "tutorial12_extensions.vcxproj", "{5716FA3C-C7F2-30AC-84D5-9B4A173493AE}"
	ProjectSection(ProjectDependencies) = postProject
		{A23F224D-4D00-3114-9CB0-056D2F5BF09F} = {A23F224D-4D00-3114-9CB0-056D2F5BF09F}
		{5BAA5A72-11B4-386C-868E-EB0FC0FD1E01} = {5BAA5A72-11B4-386C-868E-EB0FC0FD1E01}
		{9EC3A57B-0A5C-3E68-9527-C1D4D3CA4DA9} = {9EC3A57B-0A5C-3E68-9527-C1D4D3CA4DA9}
	EndProjectSection
EndProject
Project("{8BC9CEB8-8B4A-11D0-8D11-00A0C91BC942}") = "tutorial13_normal_mapping", "tutorial13_normal_mapping.vcxproj", "{7CB79778-D75B-3162-9023-6884A714FFA9}"
	ProjectSection(ProjectDependencies) = postProject
		{A23F224D-4D00-3114-9CB0-056D2F5BF09F} = {A23F224D-4D00-3114-9CB0-056D2F5BF09F}
		{5BAA5A72-11B4-386C-868E-EB0FC0FD1E01} = {5BAA5A72-11B4-386C-868E-EB0FC0FD1E01}
		{9EC3A57B-0A5C-3E68-9527-C1D4D3CA4DA9} = {9EC3A57B-0A5C-3E68-9527-C1D4D3CA4DA9}
	EndProjectSection
EndProject
Project("{8BC9CEB8-8B4A-11D0-8D11-00A0C91BC942}") = "tutorial14_render_to_texture", "tutorial14_render_to_texture.vcxproj", "{9B9626D1-C87A-38CE-A7FB-D6340EE854C6}"
	ProjectSection(ProjectDependencies) = postProject
		{A23F224D-4D00-3114-9CB0-056D2F5BF09F} = {A23F224D-4D00-3114-9CB0-056D2F5BF09F}
		{5BAA5A72-11B4-386C-868E-EB0FC0FD1E01} = {5BAA5A72-11B4-386C-868E-EB0FC0FD1E01}
		{9EC3A57B-0A5C-3E68-9527-C1D4D3CA4DA9} = {9EC3A57B-0A5C-3E68-9527-C1D4D3CA4DA9}
	EndProjectSection
EndProject
Project("{8BC9CEB8-8B4A-11D0-8D11-00A0C91BC942}") = "tutorial15_lightmaps", "tutorial15_lightmaps.vcxproj", "{05D8DB0C-0858-3500-998A-C150896AA6F5}"
	ProjectSection(ProjectDependencies) = postProject
		{A23F224D-4D00-3114-9CB0-056D2F5BF09F} = {A23F224D-4D00-3114-9CB0-056D2F5BF09F}
		{5BAA5A72-11B4-386C-868E-EB0FC0FD1E01} = {5BAA5A72-11B4-386C-868E-EB0FC0FD1E01}
		{9EC3A57B-0A5C-3E68-9527-C1D4D3CA4DA9} = {9EC3A57B-0A5C-3E68-9527-C1D4D3CA4DA9}
	EndProjectSection
EndProject
Project("{8BC9CEB8-8B4A-11D0-8D11-00A0C91BC942}") = "tutorial16_shadowmaps", "tutorial16_shadowmaps.vcxproj", "{C8A1D816-D53E-3F77-B17F-82C97153B964}"
	ProjectSection(ProjectDependencies) = postProject
		{A23F224D-4D00-3114-9CB0-056D2F5BF09F} = {A23F224D-4D00-3114-9CB0-056D2F5BF09F}
		{5BAA5A72-11B4-386C-868E-EB0FC0FD1E01} = {5BAA5A72-11B4-386C-868E-EB0FC0FD1E01}
		{9EC3A57B-0A5C-3E68-9527-C1D4D3CA4DA9} = {9EC3A57B-0A5C-3E68-9527-C1D4D3CA4DA9}
	EndProjectSection
EndProject
Project("{8BC9CEB8-8B4A-11D0-8D11-00A0C91BC942}") = "tutorial16_shadowmaps_simple", "tutorial16_shadowmaps_simple.vcxproj", "{F6B39B81-DB17-391A-96DA-15030B454701}"
	ProjectSection(ProjectDependencies) = postProject
		{A23F224D-4D00-3114-9CB0-056D2F5BF09F} = {A23F224D-4D00-3114-9CB0-056D2F5BF09F}
		{5BAA5A72-11B4-386C-868E-EB0FC0FD1E01} = {5BAA5A72-11B4-386C-868E-EB0FC0FD1E01}
		{9EC3A57B-0A5C-3E68-9527-C1D4D3CA4DA9} = {9EC3A57B-0A5C-3E68-9527-C1D4D3CA4DA9}
	EndProjectSection
EndProject
Project("{8BC9CEB8-8B4A-11D0-8D11-00A0C91BC942}") = "tutorial17_rotations", "tutorial17_rotations.vcxproj", "{EFAD0C71-6D92-362E-A09E-4E24DE0007D7}"
	ProjectSection(ProjectDependencies) = postProject
		{8D0B1B5D-9713-3698-9984-3C1B8E1E66E4} = {8D0B1B5D-9713-3698-9984-3C1B8E1E66E4}
		{A23F224D-4D00-3114-9CB0-056D2F5BF09F} = {A23F224D-4D00-3114-9CB0-056D2F5BF09F}
		{5BAA5A72-11B4-386C-868E-EB0FC0FD1E01} = {5BAA5A72-11B4-386C-868E-EB0FC0FD1E01}
		{9EC3A57B-0A5C-3E68-9527-C1D4D3CA4DA9} = {9EC3A57B-0A5C-3E68-9527-C1D4D3CA4DA9}
	EndProjectSection
EndProject
Project("{8BC9CEB8-8B4A-11D0-8D11-00A0C91BC942}") = "tutorial18_billboards", "tutorial18_billboards.vcxproj", "{915C75C7-426D-3C36-919D-AE091A37EA9A}"
	ProjectSection(ProjectDependencies) = postProject
		{A23F224D-4D00-3114-9CB0-056D2F5BF09F} = {A23F224D-4D00-3114-9CB0-056D2F5BF09F}
		{5BAA5A72-11B4-386C-868E-EB0FC0FD1E01} = {5BAA5A72-11B4-386C-868E-EB0FC0FD1E01}
		{9EC3A57B-0A5C-3E68-9527-C1D4D3CA4DA9} = {9EC3A57B-0A5C-3E68-9527-C1D4D3CA4DA9}
	EndProjectSection
EndProject
Project("{8BC9CEB8-8B4A-11D0-8D11-00A0C91BC942}") = "tutorial18_particles", "tutorial18_particles.vcxproj", "{6E44A6FB-66F9-3A28-A7E1-70A9A81B4EC6}"
	ProjectSection(ProjectDependencies) = postProject
		{A23F224D-4D00-3114-9CB0-056D2F5BF09F} = {A23F224D-4D00-3114-9CB0-056D2F5BF09F}
		{5BAA5A72-11B4-386C-868E-EB0FC0FD1E01} = {5BAA5A72-11B4-386C-868E-EB0FC0FD1E01}
		{9EC3A57B-0A5C-3E68-9527-C1D4D3CA4DA9} = {9EC3A57B-0A5C-3E68-9527-C1D4D3CA4DA9}
	EndProjectSection
EndProject
Project("{8BC9CEB8-8B4A-11D0-8D11-00A0C91BC942}") = "uninstall", "external\glfw-3.1.2\uninstall.vcxproj", "{0F401869-54C8-3715-8A1B-4C3143CD0E22}"
	ProjectSection(ProjectDependencies) = postProject
		{5BAA5A72-11B4-386C-868E-EB0FC0FD1E01} = {5BAA5A72-11B4-386C-868E-EB0FC0FD1E01}
	EndProjectSection
EndProject
Project("{8BC9CEB8-8B4A-11D0-8D11-00A0C91BC942}") = "wave", "external\glfw-3.1.2\examples\wave.vcxproj", "{E3778A54-4B02-3258-AF2B-7AD67161BCFD}"
	ProjectSection(ProjectDependencies) = postProject
		{5BAA5A72-11B4-386C-868E-EB0FC0FD1E01} = {5BAA5A72-11B4-386C-868E-EB0FC0FD1E01}
		{9EC3A57B-0A5C-3E68-9527-C1D4D3CA4DA9} = {9EC3A57B-0A5C-3E68-9527-C1D4D3CA4DA9}
	EndProjectSection
EndProject
Project("{8BC9CEB8-8B4A-11D0-8D11-00A0C91BC942}") = "windows", "external\glfw-3.1.2\tests\windows.vcxproj", "{4478A6E6-0F71-33F6-8AB3-3855134A1853}"
	ProjectSection(ProjectDependencies) = postProject
		{5BAA5A72-11B4-386C-868E-EB0FC0FD1E01} = {5BAA5A72-11B4-386C-868E-EB0FC0FD1E01}
		{9EC3A57B-0A5C-3E68-9527-C1D4D3CA4DA9} = {9EC3A57B-0A5C-3E68-9527-C1D4D3CA4DA9}
	EndProjectSection
EndProject
Project("{8BC9CEB8-8B4A-11D0-8D11-00A0C91BC942}") = "zlib", "external\assimp-3.0.1270\contrib\zlib\zlib.vcxproj", "{CE5C2B6C-0837-30EB-BD46-0393CCF4AC84}"
	ProjectSection(ProjectDependencies) = postProject
		{5BAA5A72-11B4-386C-868E-EB0FC0FD1E01} = {5BAA5A72-11B4-386C-868E-EB0FC0FD1E01}
	EndProjectSection
EndProject
Global
	GlobalSection(SolutionConfigurationPlatforms) = preSolution
		Debug|Win32 = Debug|Win32
		Release|Win32 = Release|Win32
		MinSizeRel|Win32 = MinSizeRel|Win32
		RelWithDebInfo|Win32 = RelWithDebInfo|Win32
	EndGlobalSection
	GlobalSection(ProjectConfigurationPlatforms) = postSolution
		{D2F0BC25-62E4-3C5F-91EB-37D4660FEE61}.Debug|Win32.ActiveCfg = Debug|Win32
		{D2F0BC25-62E4-3C5F-91EB-37D4660FEE61}.Debug|Win32.Build.0 = Debug|Win32
		{D2F0BC25-62E4-3C5F-91EB-37D4660FEE61}.Release|Win32.ActiveCfg = Release|Win32
		{D2F0BC25-62E4-3C5F-91EB-37D4660FEE61}.Release|Win32.Build.0 = Release|Win32
		{D2F0BC25-62E4-3C5F-91EB-37D4660FEE61}.MinSizeRel|Win32.ActiveCfg = MinSizeRel|Win32
		{D2F0BC25-62E4-3C5F-91EB-37D4660FEE61}.MinSizeRel|Win32.Build.0 = MinSizeRel|Win32
		{D2F0BC25-62E4-3C5F-91EB-37D4660FEE61}.RelWithDebInfo|Win32.ActiveCfg = RelWithDebInfo|Win32
		{D2F0BC25-62E4-3C5F-91EB-37D4660FEE61}.RelWithDebInfo|Win32.Build.0 = RelWithDebInfo|Win32
		{8D0B1B5D-9713-3698-9984-3C1B8E1E66E4}.Debug|Win32.ActiveCfg = Debug|Win32
		{8D0B1B5D-9713-3698-9984-3C1B8E1E66E4}.Debug|Win32.Build.0 = Debug|Win32
		{8D0B1B5D-9713-3698-9984-3C1B8E1E66E4}.Release|Win32.ActiveCfg = Release|Win32
		{8D0B1B5D-9713-3698-9984-3C1B8E1E66E4}.Release|Win32.Build.0 = Release|Win32
		{8D0B1B5D-9713-3698-9984-3C1B8E1E66E4}.MinSizeRel|Win32.ActiveCfg = MinSizeRel|Win32
		{8D0B1B5D-9713-3698-9984-3C1B8E1E66E4}.MinSizeRel|Win32.Build.0 = MinSizeRel|Win32
		{8D0B1B5D-9713-3698-9984-3C1B8E1E66E4}.RelWithDebInfo|Win32.ActiveCfg = RelWithDebInfo|Win32
		{8D0B1B5D-9713-3698-9984-3C1B8E1E66E4}.RelWithDebInfo|Win32.Build.0 = RelWithDebInfo|Win32
		{873C7958-7DB8-359B-BAD4-4E993A5899DE}.Debug|Win32.ActiveCfg = Debug|Win32
		{873C7958-7DB8-359B-BAD4-4E993A5899DE}.Debug|Win32.Build.0 = Debug|Win32
		{873C7958-7DB8-359B-BAD4-4E993A5899DE}.Release|Win32.ActiveCfg = Release|Win32
		{873C7958-7DB8-359B-BAD4-4E993A5899DE}.Release|Win32.Build.0 = Release|Win32
		{873C7958-7DB8-359B-BAD4-4E993A5899DE}.MinSizeRel|Win32.ActiveCfg = MinSizeRel|Win32
		{873C7958-7DB8-359B-BAD4-4E993A5899DE}.MinSizeRel|Win32.Build.0 = MinSizeRel|Win32
		{873C7958-7DB8-359B-BAD4-4E993A5899DE}.RelWithDebInfo|Win32.ActiveCfg = RelWithDebInfo|Win32
		{873C7958-7DB8-359B-BAD4-4E993A5899DE}.RelWithDebInfo|Win32.Build.0 = RelWithDebInfo|Win32
		{FD63B53C-775A-3B60-9ECF-8EB196A6B9ED}.Debug|Win32.ActiveCfg = Debug|Win32
		{FD63B53C-775A-3B60-9ECF-8EB196A6B9ED}.Debug|Win32.Build.0 = Debug|Win32
		{FD63B53C-775A-3B60-9ECF-8EB196A6B9ED}.Release|Win32.ActiveCfg = Release|Win32
		{FD63B53C-775A-3B60-9ECF-8EB196A6B9ED}.Release|Win32.Build.0 = Release|Win32
		{FD63B53C-775A-3B60-9ECF-8EB196A6B9ED}.MinSizeRel|Win32.ActiveCfg = MinSizeRel|Win32
		{FD63B53C-775A-3B60-9ECF-8EB196A6B9ED}.MinSizeRel|Win32.Build.0 = MinSizeRel|Win32
		{FD63B53C-775A-3B60-9ECF-8EB196A6B9ED}.RelWithDebInfo|Win32.ActiveCfg = RelWithDebInfo|Win32
		{FD63B53C-775A-3B60-9ECF-8EB196A6B9ED}.RelWithDebInfo|Win32.Build.0 = RelWithDebInfo|Win32
		{D6D4CC3A-7F4C-3A3D-A71C-D2D9DD143032}.Debug|Win32.ActiveCfg = Debug|Win32
		{D6D4CC3A-7F4C-3A3D-A71C-D2D9DD143032}.Debug|Win32.Build.0 = Debug|Win32
		{D6D4CC3A-7F4C-3A3D-A71C-D2D9DD143032}.Release|Win32.ActiveCfg = Release|Win32
		{D6D4CC3A-7F4C-3A3D-A71C-D2D9DD143032}.Release|Win32.Build.0 = Release|Win32
		{D6D4CC3A-7F4C-3A3D-A71C-D2D9DD143032}.MinSizeRel|Win32.ActiveCfg = MinSizeRel|Win32
		{D6D4CC3A-7F4C-3A3D-A71C-D2D9DD143032}.MinSizeRel|Win32.Build.0 = MinSizeRel|Win32
		{D6D4CC3A-7F4C-3A3D-A71C-D2D9DD143032}.RelWithDebInfo|Win32.ActiveCfg = RelWithDebInfo|Win32
		{D6D4CC3A-7F4C-3A3D-A71C-D2D9DD143032}.RelWithDebInfo|Win32.Build.0 = RelWithDebInfo|Win32
		{A23F224D-4D00-3114-9CB0-056D2F5BF09F}.Debug|Win32.ActiveCfg = Debug|Win32
		{A23F224D-4D00-3114-9CB0-056D2F5BF09F}.Debug|Win32.Build.0 = Debug|Win32
		{A23F224D-4D00-3114-9CB0-056D2F5BF09F}.Release|Win32.ActiveCfg = Release|Win32
		{A23F224D-4D00-3114-9CB0-056D2F5BF09F}.Release|Win32.Build.0 = Release|Win32
		{A23F224D-4D00-3114-9CB0-056D2F5BF09F}.MinSizeRel|Win32.ActiveCfg = MinSizeRel|Win32
		{A23F224D-4D00-3114-9CB0-056D2F5BF09F}.MinSizeRel|Win32.Build.0 = MinSizeRel|Win32
		{A23F224D-4D00-3114-9CB0-056D2F5BF09F}.RelWithDebInfo|Win32.ActiveCfg = RelWithDebInfo|Win32
		{A23F224D-4D00-3114-9CB0-056D2F5BF09F}.RelWithDebInfo|Win32.Build.0 = RelWithDebInfo|Win32
		{439009C0-684D-309E-87C4-2FCF621C3872}.Debug|Win32.ActiveCfg = Debug|Win32
		{439009C0-684D-309E-87C4-2FCF621C3872}.Release|Win32.ActiveCfg = Release|Win32
		{439009C0-684D-309E-87C4-2FCF621C3872}.MinSizeRel|Win32.ActiveCfg = MinSizeRel|Win32
		{439009C0-684D-309E-87C4-2FCF621C3872}.RelWithDebInfo|Win32.ActiveCfg = RelWithDebInfo|Win32
		{33A33C52-2A6C-3325-B193-9DF9CB90C53B}.Debug|Win32.ActiveCfg = Debug|Win32
		{33A33C52-2A6C-3325-B193-9DF9CB90C53B}.Debug|Win32.Build.0 = Debug|Win32
		{33A33C52-2A6C-3325-B193-9DF9CB90C53B}.Release|Win32.ActiveCfg = Release|Win32
		{33A33C52-2A6C-3325-B193-9DF9CB90C53B}.Release|Win32.Build.0 = Release|Win32
		{33A33C52-2A6C-3325-B193-9DF9CB90C53B}.MinSizeRel|Win32.ActiveCfg = MinSizeRel|Win32
		{33A33C52-2A6C-3325-B193-9DF9CB90C53B}.MinSizeRel|Win32.Build.0 = MinSizeRel|Win32
		{33A33C52-2A6C-3325-B193-9DF9CB90C53B}.RelWithDebInfo|Win32.ActiveCfg = RelWithDebInfo|Win32
		{33A33C52-2A6C-3325-B193-9DF9CB90C53B}.RelWithDebInfo|Win32.Build.0 = RelWithDebInfo|Win32
		{5BAA5A72-11B4-386C-868E-EB0FC0FD1E01}.Debug|Win32.ActiveCfg = Debug|Win32
		{5BAA5A72-11B4-386C-868E-EB0FC0FD1E01}.Debug|Win32.Build.0 = Debug|Win32
		{5BAA5A72-11B4-386C-868E-EB0FC0FD1E01}.Release|Win32.ActiveCfg = Release|Win32
		{5BAA5A72-11B4-386C-868E-EB0FC0FD1E01}.Release|Win32.Build.0 = Release|Win32
		{5BAA5A72-11B4-386C-868E-EB0FC0FD1E01}.MinSizeRel|Win32.ActiveCfg = MinSizeRel|Win32
		{5BAA5A72-11B4-386C-868E-EB0FC0FD1E01}.MinSizeRel|Win32.Build.0 = MinSizeRel|Win32
		{5BAA5A72-11B4-386C-868E-EB0FC0FD1E01}.RelWithDebInfo|Win32.ActiveCfg = RelWithDebInfo|Win32
		{5BAA5A72-11B4-386C-868E-EB0FC0FD1E01}.RelWithDebInfo|Win32.Build.0 = RelWithDebInfo|Win32
		{991CD8A8-8434-3C99-BF08-80484B936AB0}.Debug|Win32.ActiveCfg = Debug|Win32
		{991CD8A8-8434-3C99-BF08-80484B936AB0}.Debug|Win32.Build.0 = Debug|Win32
		{991CD8A8-8434-3C99-BF08-80484B936AB0}.Release|Win32.ActiveCfg = Release|Win32
		{991CD8A8-8434-3C99-BF08-80484B936AB0}.Release|Win32.Build.0 = Release|Win32
		{991CD8A8-8434-3C99-BF08-80484B936AB0}.MinSizeRel|Win32.ActiveCfg = MinSizeRel|Win32
		{991CD8A8-8434-3C99-BF08-80484B936AB0}.MinSizeRel|Win32.Build.0 = MinSizeRel|Win32
		{991CD8A8-8434-3C99-BF08-80484B936AB0}.RelWithDebInfo|Win32.ActiveCfg = RelWithDebInfo|Win32
		{991CD8A8-8434-3C99-BF08-80484B936AB0}.RelWithDebInfo|Win32.Build.0 = RelWithDebInfo|Win32
		{B91D7BE4-9236-38D6-85BA-65446D0A1ACE}.Debug|Win32.ActiveCfg = Debug|Win32
		{B91D7BE4-9236-38D6-85BA-65446D0A1ACE}.Debug|Win32.Build.0 = Debug|Win32
		{B91D7BE4-9236-38D6-85BA-65446D0A1ACE}.Release|Win32.ActiveCfg = Release|Win32
		{B91D7BE4-9236-38D6-85BA-65446D0A1ACE}.Release|Win32.Build.0 = Release|Win32
		{B91D7BE4-9236-38D6-85BA-65446D0A1ACE}.MinSizeRel|Win32.ActiveCfg = MinSizeRel|Win32
		{B91D7BE4-9236-38D6-85BA-65446D0A1ACE}.MinSizeRel|Win32.Build.0 = MinSizeRel|Win32
		{B91D7BE4-9236-38D6-85BA-65446D0A1ACE}.RelWithDebInfo|Win32.ActiveCfg = RelWithDebInfo|Win32
		{B91D7BE4-9236-38D6-85BA-65446D0A1ACE}.RelWithDebInfo|Win32.Build.0 = RelWithDebInfo|Win32
		{1C113FE1-2288-3EBA-9848-EAB5BC75B60A}.Debug|Win32.ActiveCfg = Debug|Win32
		{1C113FE1-2288-3EBA-9848-EAB5BC75B60A}.Debug|Win32.Build.0 = Debug|Win32
		{1C113FE1-2288-3EBA-9848-EAB5BC75B60A}.Release|Win32.ActiveCfg = Release|Win32
		{1C113FE1-2288-3EBA-9848-EAB5BC75B60A}.Release|Win32.Build.0 = Release|Win32
		{1C113FE1-2288-3EBA-9848-EAB5BC75B60A}.MinSizeRel|Win32.ActiveCfg = MinSizeRel|Win32
		{1C113FE1-2288-3EBA-9848-EAB5BC75B60A}.MinSizeRel|Win32.Build.0 = MinSizeRel|Win32
		{1C113FE1-2288-3EBA-9848-EAB5BC75B60A}.RelWithDebInfo|Win32.ActiveCfg = RelWithDebInfo|Win32
		{1C113FE1-2288-3EBA-9848-EAB5BC75B60A}.RelWithDebInfo|Win32.Build.0 = RelWithDebInfo|Win32
		{A2BD6347-1719-3E82-BDA2-D3CDA1C05CFB}.Debug|Win32.ActiveCfg = Debug|Win32
		{A2BD6347-1719-3E82-BDA2-D3CDA1C05CFB}.Debug|Win32.Build.0 = Debug|Win32
		{A2BD6347-1719-3E82-BDA2-D3CDA1C05CFB}.Release|Win32.ActiveCfg = Release|Win32
		{A2BD6347-1719-3E82-BDA2-D3CDA1C05CFB}.Release|Win32.Build.0 = Release|Win32
		{A2BD6347-1719-3E82-BDA2-D3CDA1C05CFB}.MinSizeRel|Win32.ActiveCfg = MinSizeRel|Win32
		{A2BD6347-1719-3E82-BDA2-D3CDA1C05CFB}.MinSizeRel|Win32.Build.0 = MinSizeRel|Win32
		{A2BD6347-1719-3E82-BDA2-D3CDA1C05CFB}.RelWithDebInfo|Win32.ActiveCfg = RelWithDebInfo|Win32
		{A2BD6347-1719-3E82-BDA2-D3CDA1C05CFB}.RelWithDebInfo|Win32.Build.0 = RelWithDebInfo|Win32
		{CAE274AD-5928-376E-84C7-722DDB171C41}.Debug|Win32.ActiveCfg = Debug|Win32
		{CAE274AD-5928-376E-84C7-722DDB171C41}.Debug|Win32.Build.0 = Debug|Win32
		{CAE274AD-5928-376E-84C7-722DDB171C41}.Release|Win32.ActiveCfg = Release|Win32
		{CAE274AD-5928-376E-84C7-722DDB171C41}.Release|Win32.Build.0 = Release|Win32
		{CAE274AD-5928-376E-84C7-722DDB171C41}.MinSizeRel|Win32.ActiveCfg = MinSizeRel|Win32
		{CAE274AD-5928-376E-84C7-722DDB171C41}.MinSizeRel|Win32.Build.0 = MinSizeRel|Win32
		{CAE274AD-5928-376E-84C7-722DDB171C41}.RelWithDebInfo|Win32.ActiveCfg = RelWithDebInfo|Win32
		{CAE274AD-5928-376E-84C7-722DDB171C41}.RelWithDebInfo|Win32.Build.0 = RelWithDebInfo|Win32
		{42D9AC5C-42B8-3D1E-A49E-6B675744139D}.Debug|Win32.ActiveCfg = Debug|Win32
		{42D9AC5C-42B8-3D1E-A49E-6B675744139D}.Debug|Win32.Build.0 = Debug|Win32
		{42D9AC5C-42B8-3D1E-A49E-6B675744139D}.Release|Win32.ActiveCfg = Release|Win32
		{42D9AC5C-42B8-3D1E-A49E-6B675744139D}.Release|Win32.Build.0 = Release|Win32
		{42D9AC5C-42B8-3D1E-A49E-6B675744139D}.MinSizeRel|Win32.ActiveCfg = MinSizeRel|Win32
		{42D9AC5C-42B8-3D1E-A49E-6B675744139D}.MinSizeRel|Win32.Build.0 = MinSizeRel|Win32
		{42D9AC5C-42B8-3D1E-A49E-6B675744139D}.RelWithDebInfo|Win32.ActiveCfg = RelWithDebInfo|Win32
		{42D9AC5C-42B8-3D1E-A49E-6B675744139D}.RelWithDebInfo|Win32.Build.0 = RelWithDebInfo|Win32
		{6E0E7E7C-BD2D-3958-8626-E5729E582D40}.Debug|Win32.ActiveCfg = Debug|Win32
		{6E0E7E7C-BD2D-3958-8626-E5729E582D40}.Debug|Win32.Build.0 = Debug|Win32
		{6E0E7E7C-BD2D-3958-8626-E5729E582D40}.Release|Win32.ActiveCfg = Release|Win32
		{6E0E7E7C-BD2D-3958-8626-E5729E582D40}.Release|Win32.Build.0 = Release|Win32
		{6E0E7E7C-BD2D-3958-8626-E5729E582D40}.MinSizeRel|Win32.ActiveCfg = MinSizeRel|Win32
		{6E0E7E7C-BD2D-3958-8626-E5729E582D40}.MinSizeRel|Win32.Build.0 = MinSizeRel|Win32
		{6E0E7E7C-BD2D-3958-8626-E5729E582D40}.RelWithDebInfo|Win32.ActiveCfg = RelWithDebInfo|Win32
		{6E0E7E7C-BD2D-3958-8626-E5729E582D40}.RelWithDebInfo|Win32.Build.0 = RelWithDebInfo|Win32
		{28789BFD-B21F-39A8-9C11-E2DDE545138F}.Debug|Win32.ActiveCfg = Debug|Win32
		{28789BFD-B21F-39A8-9C11-E2DDE545138F}.Debug|Win32.Build.0 = Debug|Win32
		{28789BFD-B21F-39A8-9C11-E2DDE545138F}.Release|Win32.ActiveCfg = Release|Win32
		{28789BFD-B21F-39A8-9C11-E2DDE545138F}.Release|Win32.Build.0 = Release|Win32
		{28789BFD-B21F-39A8-9C11-E2DDE545138F}.MinSizeRel|Win32.ActiveCfg = MinSizeRel|Win32
		{28789BFD-B21F-39A8-9C11-E2DDE545138F}.MinSizeRel|Win32.Build.0 = MinSizeRel|Win32
		{28789BFD-B21F-39A8-9C11-E2DDE545138F}.RelWithDebInfo|Win32.ActiveCfg = RelWithDebInfo|Win32
		{28789BFD-B21F-39A8-9C11-E2DDE545138F}.RelWithDebInfo|Win32.Build.0 = RelWithDebInfo|Win32
		{9EC3A57B-0A5C-3E68-9527-C1D4D3CA4DA9}.Debug|Win32.ActiveCfg = Debug|Win32
		{9EC3A57B-0A5C-3E68-9527-C1D4D3CA4DA9}.Debug|Win32.Build.0 = Debug|Win32
		{9EC3A57B-0A5C-3E68-9527-C1D4D3CA4DA9}.Release|Win32.ActiveCfg = Release|Win32
		{9EC3A57B-0A5C-3E68-9527-C1D4D3CA4DA9}.Release|Win32.Build.0 = Release|Win32
		{9EC3A57B-0A5C-3E68-9527-C1D4D3CA4DA9}.MinSizeRel|Win32.ActiveCfg = MinSizeRel|Win32
		{9EC3A57B-0A5C-3E68-9527-C1D4D3CA4DA9}.MinSizeRel|Win32.Build.0 = MinSizeRel|Win32
		{9EC3A57B-0A5C-3E68-9527-C1D4D3CA4DA9}.RelWithDebInfo|Win32.ActiveCfg = RelWithDebInfo|Win32
		{9EC3A57B-0A5C-3E68-9527-C1D4D3CA4DA9}.RelWithDebInfo|Win32.Build.0 = RelWithDebInfo|Win32
		{C18C1C14-6231-3A5B-9AB2-3988C73538DE}.Debug|Win32.ActiveCfg = Debug|Win32
		{C18C1C14-6231-3A5B-9AB2-3988C73538DE}.Debug|Win32.Build.0 = Debug|Win32
		{C18C1C14-6231-3A5B-9AB2-3988C73538DE}.Release|Win32.ActiveCfg = Release|Win32
		{C18C1C14-6231-3A5B-9AB2-3988C73538DE}.Release|Win32.Build.0 = Release|Win32
		{C18C1C14-6231-3A5B-9AB2-3988C73538DE}.MinSizeRel|Win32.ActiveCfg = MinSizeRel|Win32
		{C18C1C14-6231-3A5B-9AB2-3988C73538DE}.MinSizeRel|Win32.Build.0 = MinSizeRel|Win32
		{C18C1C14-6231-3A5B-9AB2-3988C73538DE}.RelWithDebInfo|Win32.ActiveCfg = RelWithDebInfo|Win32
		{C18C1C14-6231-3A5B-9AB2-3988C73538DE}.RelWithDebInfo|Win32.Build.0 = RelWithDebInfo|Win32
		{7CB3662E-058E-35AC-8002-B3AEAD632EBB}.Debug|Win32.ActiveCfg = Debug|Win32
		{7CB3662E-058E-35AC-8002-B3AEAD632EBB}.Debug|Win32.Build.0 = Debug|Win32
		{7CB3662E-058E-35AC-8002-B3AEAD632EBB}.Release|Win32.ActiveCfg = Release|Win32
		{7CB3662E-058E-35AC-8002-B3AEAD632EBB}.Release|Win32.Build.0 = Release|Win32
		{7CB3662E-058E-35AC-8002-B3AEAD632EBB}.MinSizeRel|Win32.ActiveCfg = MinSizeRel|Win32
		{7CB3662E-058E-35AC-8002-B3AEAD632EBB}.MinSizeRel|Win32.Build.0 = MinSizeRel|Win32
		{7CB3662E-058E-35AC-8002-B3AEAD632EBB}.RelWithDebInfo|Win32.ActiveCfg = RelWithDebInfo|Win32
		{7CB3662E-058E-35AC-8002-B3AEAD632EBB}.RelWithDebInfo|Win32.Build.0 = RelWithDebInfo|Win32
		{5F600FA1-2EC7-398D-933E-615C139EF0BA}.Debug|Win32.ActiveCfg = Debug|Win32
		{5F600FA1-2EC7-398D-933E-615C139EF0BA}.Debug|Win32.Build.0 = Debug|Win32
		{5F600FA1-2EC7-398D-933E-615C139EF0BA}.Release|Win32.ActiveCfg = Release|Win32
		{5F600FA1-2EC7-398D-933E-615C139EF0BA}.Release|Win32.Build.0 = Release|Win32
		{5F600FA1-2EC7-398D-933E-615C139EF0BA}.MinSizeRel|Win32.ActiveCfg = MinSizeRel|Win32
		{5F600FA1-2EC7-398D-933E-615C139EF0BA}.MinSizeRel|Win32.Build.0 = MinSizeRel|Win32
		{5F600FA1-2EC7-398D-933E-615C139EF0BA}.RelWithDebInfo|Win32.ActiveCfg = RelWithDebInfo|Win32
		{5F600FA1-2EC7-398D-933E-615C139EF0BA}.RelWithDebInfo|Win32.Build.0 = RelWithDebInfo|Win32
		{74690E88-97AB-3B3D-A604-66AF98BDE4A8}.Debug|Win32.ActiveCfg = Debug|Win32
		{74690E88-97AB-3B3D-A604-66AF98BDE4A8}.Debug|Win32.Build.0 = Debug|Win32
		{74690E88-97AB-3B3D-A604-66AF98BDE4A8}.Release|Win32.ActiveCfg = Release|Win32
		{74690E88-97AB-3B3D-A604-66AF98BDE4A8}.Release|Win32.Build.0 = Release|Win32
		{74690E88-97AB-3B3D-A604-66AF98BDE4A8}.MinSizeRel|Win32.ActiveCfg = MinSizeRel|Win32
		{74690E88-97AB-3B3D-A604-66AF98BDE4A8}.MinSizeRel|Win32.Build.0 = MinSizeRel|Win32
		{74690E88-97AB-3B3D-A604-66AF98BDE4A8}.RelWithDebInfo|Win32.ActiveCfg = RelWithDebInfo|Win32
		{74690E88-97AB-3B3D-A604-66AF98BDE4A8}.RelWithDebInfo|Win32.Build.0 = RelWithDebInfo|Win32
		{57CB946F-AFB0-3E31-AF6C-29D922C21F0A}.Debug|Win32.ActiveCfg = Debug|Win32
		{57CB946F-AFB0-3E31-AF6C-29D922C21F0A}.Debug|Win32.Build.0 = Debug|Win32
		{57CB946F-AFB0-3E31-AF6C-29D922C21F0A}.Release|Win32.ActiveCfg = Release|Win32
		{57CB946F-AFB0-3E31-AF6C-29D922C21F0A}.Release|Win32.Build.0 = Release|Win32
		{57CB946F-AFB0-3E31-AF6C-29D922C21F0A}.MinSizeRel|Win32.ActiveCfg = MinSizeRel|Win32
		{57CB946F-AFB0-3E31-AF6C-29D922C21F0A}.MinSizeRel|Win32.Build.0 = MinSizeRel|Win32
		{57CB946F-AFB0-3E31-AF6C-29D922C21F0A}.RelWithDebInfo|Win32.ActiveCfg = RelWithDebInfo|Win32
		{57CB946F-AFB0-3E31-AF6C-29D922C21F0A}.RelWithDebInfo|Win32.Build.0 = RelWithDebInfo|Win32
		{4269BB26-F7ED-3F2A-95E0-5E8C073DDECB}.Debug|Win32.ActiveCfg = Debug|Win32
		{4269BB26-F7ED-3F2A-95E0-5E8C073DDECB}.Debug|Win32.Build.0 = Debug|Win32
		{4269BB26-F7ED-3F2A-95E0-5E8C073DDECB}.Release|Win32.ActiveCfg = Release|Win32
		{4269BB26-F7ED-3F2A-95E0-5E8C073DDECB}.Release|Win32.Build.0 = Release|Win32
		{4269BB26-F7ED-3F2A-95E0-5E8C073DDECB}.MinSizeRel|Win32.ActiveCfg = MinSizeRel|Win32
		{4269BB26-F7ED-3F2A-95E0-5E8C073DDECB}.MinSizeRel|Win32.Build.0 = MinSizeRel|Win32
		{4269BB26-F7ED-3F2A-95E0-5E8C073DDECB}.RelWithDebInfo|Win32.ActiveCfg = RelWithDebInfo|Win32
		{4269BB26-F7ED-3F2A-95E0-5E8C073DDECB}.RelWithDebInfo|Win32.Build.0 = RelWithDebInfo|Win32
		{41D0C047-AA8B-39C1-9690-EF33171136CA}.Debug|Win32.ActiveCfg = Debug|Win32
		{41D0C047-AA8B-39C1-9690-EF33171136CA}.Debug|Win32.Build.0 = Debug|Win32
		{41D0C047-AA8B-39C1-9690-EF33171136CA}.Release|Win32.ActiveCfg = Release|Win32
		{41D0C047-AA8B-39C1-9690-EF33171136CA}.Release|Win32.Build.0 = Release|Win32
		{41D0C047-AA8B-39C1-9690-EF33171136CA}.MinSizeRel|Win32.ActiveCfg = MinSizeRel|Win32
		{41D0C047-AA8B-39C1-9690-EF33171136CA}.MinSizeRel|Win32.Build.0 = MinSizeRel|Win32
		{41D0C047-AA8B-39C1-9690-EF33171136CA}.RelWithDebInfo|Win32.ActiveCfg = RelWithDebInfo|Win32
		{41D0C047-AA8B-39C1-9690-EF33171136CA}.RelWithDebInfo|Win32.Build.0 = RelWithDebInfo|Win32
		{C81F22D7-536C-3B33-9C8C-3329608A4028}.Debug|Win32.ActiveCfg = Debug|Win32
		{C81F22D7-536C-3B33-9C8C-3329608A4028}.Debug|Win32.Build.0 = Debug|Win32
		{C81F22D7-536C-3B33-9C8C-3329608A4028}.Release|Win32.ActiveCfg = Release|Win32
		{C81F22D7-536C-3B33-9C8C-3329608A4028}.Release|Win32.Build.0 = Release|Win32
		{C81F22D7-536C-3B33-9C8C-3329608A4028}.MinSizeRel|Win32.ActiveCfg = MinSizeRel|Win32
		{C81F22D7-536C-3B33-9C8C-3329608A4028}.MinSizeRel|Win32.Build.0 = MinSizeRel|Win32
		{C81F22D7-536C-3B33-9C8C-3329608A4028}.RelWithDebInfo|Win32.ActiveCfg = RelWithDebInfo|Win32
		{C81F22D7-536C-3B33-9C8C-3329608A4028}.RelWithDebInfo|Win32.Build.0 = RelWithDebInfo|Win32
		{EFFC2D2E-E5C5-3462-8259-FCB5DF0F362F}.Debug|Win32.ActiveCfg = Debug|Win32
		{EFFC2D2E-E5C5-3462-8259-FCB5DF0F362F}.Debug|Win32.Build.0 = Debug|Win32
		{EFFC2D2E-E5C5-3462-8259-FCB5DF0F362F}.Release|Win32.ActiveCfg = Release|Win32
		{EFFC2D2E-E5C5-3462-8259-FCB5DF0F362F}.Release|Win32.Build.0 = Release|Win32
		{EFFC2D2E-E5C5-3462-8259-FCB5DF0F362F}.MinSizeRel|Win32.ActiveCfg = MinSizeRel|Win32
		{EFFC2D2E-E5C5-3462-8259-FCB5DF0F362F}.MinSizeRel|Win32.Build.0 = MinSizeRel|Win32
		{EFFC2D2E-E5C5-3462-8259-FCB5DF0F362F}.RelWithDebInfo|Win32.ActiveCfg = RelWithDebInfo|Win32
		{EFFC2D2E-E5C5-3462-8259-FCB5DF0F362F}.RelWithDebInfo|Win32.Build.0 = RelWithDebInfo|Win32
		{7336F95C-AF93-374D-BC92-8669E1284DE6}.Debug|Win32.ActiveCfg = Debug|Win32
		{7336F95C-AF93-374D-BC92-8669E1284DE6}.Debug|Win32.Build.0 = Debug|Win32
		{7336F95C-AF93-374D-BC92-8669E1284DE6}.Release|Win32.ActiveCfg = Release|Win32
		{7336F95C-AF93-374D-BC92-8669E1284DE6}.Release|Win32.Build.0 = Release|Win32
		{7336F95C-AF93-374D-BC92-8669E1284DE6}.MinSizeRel|Win32.ActiveCfg = MinSizeRel|Win32
		{7336F95C-AF93-374D-BC92-8669E1284DE6}.MinSizeRel|Win32.Build.0 = MinSizeRel|Win32
		{7336F95C-AF93-374D-BC92-8669E1284DE6}.RelWithDebInfo|Win32.ActiveCfg = RelWithDebInfo|Win32
		{7336F95C-AF93-374D-BC92-8669E1284DE6}.RelWithDebInfo|Win32.Build.0 = RelWithDebInfo|Win32
		{A7A3B880-18A1-3F7A-95F5-30231B31206E}.Debug|Win32.ActiveCfg = Debug|Win32
		{A7A3B880-18A1-3F7A-95F5-30231B31206E}.Debug|Win32.Build.0 = Debug|Win32
		{A7A3B880-18A1-3F7A-95F5-30231B31206E}.Release|Win32.ActiveCfg = Release|Win32
		{A7A3B880-18A1-3F7A-95F5-30231B31206E}.Release|Win32.Build.0 = Release|Win32
		{A7A3B880-18A1-3F7A-95F5-30231B31206E}.MinSizeRel|Win32.ActiveCfg = MinSizeRel|Win32
		{A7A3B880-18A1-3F7A-95F5-30231B31206E}.MinSizeRel|Win32.Build.0 = MinSizeRel|Win32
		{A7A3B880-18A1-3F7A-95F5-30231B31206E}.RelWithDebInfo|Win32.ActiveCfg = RelWithDebInfo|Win32
		{A7A3B880-18A1-3F7A-95F5-30231B31206E}.RelWithDebInfo|Win32.Build.0 = RelWithDebInfo|Win32
		{F7315476-C805-35C0-A6C6-2B2915F30B4B}.Debug|Win32.ActiveCfg = Debug|Win32
		{F7315476-C805-35C0-A6C6-2B2915F30B4B}.Debug|Win32.Build.0 = Debug|Win32
		{F7315476-C805-35C0-A6C6-2B2915F30B4B}.Release|Win32.ActiveCfg = Release|Win32
		{F7315476-C805-35C0-A6C6-2B2915F30B4B}.Release|Win32.Build.0 = Release|Win32
		{F7315476-C805-35C0-A6C6-2B2915F30B4B}.MinSizeRel|Win32.ActiveCfg = MinSizeRel|Win32
		{F7315476-C805-35C0-A6C6-2B2915F30B4B}.MinSizeRel|Win32.Build.0 = MinSizeRel|Win32
		{F7315476-C805-35C0-A6C6-2B2915F30B4B}.RelWithDebInfo|Win32.ActiveCfg = RelWithDebInfo|Win32
		{F7315476-C805-35C0-A6C6-2B2915F30B4B}.RelWithDebInfo|Win32.Build.0 = RelWithDebInfo|Win32
		{F075A113-74D1-3C30-BF0B-4137FAF5EC2B}.Debug|Win32.ActiveCfg = Debug|Win32
		{F075A113-74D1-3C30-BF0B-4137FAF5EC2B}.Debug|Win32.Build.0 = Debug|Win32
		{F075A113-74D1-3C30-BF0B-4137FAF5EC2B}.Release|Win32.ActiveCfg = Release|Win32
		{F075A113-74D1-3C30-BF0B-4137FAF5EC2B}.Release|Win32.Build.0 = Release|Win32
		{F075A113-74D1-3C30-BF0B-4137FAF5EC2B}.MinSizeRel|Win32.ActiveCfg = MinSizeRel|Win32
		{F075A113-74D1-3C30-BF0B-4137FAF5EC2B}.MinSizeRel|Win32.Build.0 = MinSizeRel|Win32
		{F075A113-74D1-3C30-BF0B-4137FAF5EC2B}.RelWithDebInfo|Win32.ActiveCfg = RelWithDebInfo|Win32
		{F075A113-74D1-3C30-BF0B-4137FAF5EC2B}.RelWithDebInfo|Win32.Build.0 = RelWithDebInfo|Win32
		{F1052ECB-D1D0-3946-81E5-8C049D79725C}.Debug|Win32.ActiveCfg = Debug|Win32
		{F1052ECB-D1D0-3946-81E5-8C049D79725C}.Debug|Win32.Build.0 = Debug|Win32
		{F1052ECB-D1D0-3946-81E5-8C049D79725C}.Release|Win32.ActiveCfg = Release|Win32
		{F1052ECB-D1D0-3946-81E5-8C049D79725C}.Release|Win32.Build.0 = Release|Win32
		{F1052ECB-D1D0-3946-81E5-8C049D79725C}.MinSizeRel|Win32.ActiveCfg = MinSizeRel|Win32
		{F1052ECB-D1D0-3946-81E5-8C049D79725C}.MinSizeRel|Win32.Build.0 = MinSizeRel|Win32
		{F1052ECB-D1D0-3946-81E5-8C049D79725C}.RelWithDebInfo|Win32.ActiveCfg = RelWithDebInfo|Win32
		{F1052ECB-D1D0-3946-81E5-8C049D79725C}.RelWithDebInfo|Win32.Build.0 = RelWithDebInfo|Win32
		{9C10C631-B48D-3DFB-9D06-08E49C0AE4AF}.Debug|Win32.ActiveCfg = Debug|Win32
		{9C10C631-B48D-3DFB-9D06-08E49C0AE4AF}.Debug|Win32.Build.0 = Debug|Win32
		{9C10C631-B48D-3DFB-9D06-08E49C0AE4AF}.Release|Win32.ActiveCfg = Release|Win32
		{9C10C631-B48D-3DFB-9D06-08E49C0AE4AF}.Release|Win32.Build.0 = Release|Win32
		{9C10C631-B48D-3DFB-9D06-08E49C0AE4AF}.MinSizeRel|Win32.ActiveCfg = MinSizeRel|Win32
		{9C10C631-B48D-3DFB-9D06-08E49C0AE4AF}.MinSizeRel|Win32.Build.0 = MinSizeRel|Win32
		{9C10C631-B48D-3DFB-9D06-08E49C0AE4AF}.RelWithDebInfo|Win32.ActiveCfg = RelWithDebInfo|Win32
		{9C10C631-B48D-3DFB-9D06-08E49C0AE4AF}.RelWithDebInfo|Win32.Build.0 = RelWithDebInfo|Win32
		{79A6017B-0F00-38F4-A16F-F15DEE2D7219}.Debug|Win32.ActiveCfg = Debug|Win32
		{79A6017B-0F00-38F4-A16F-F15DEE2D7219}.Debug|Win32.Build.0 = Debug|Win32
		{79A6017B-0F00-38F4-A16F-F15DEE2D7219}.Release|Win32.ActiveCfg = Release|Win32
		{79A6017B-0F00-38F4-A16F-F15DEE2D7219}.Release|Win32.Build.0 = Release|Win32
		{79A6017B-0F00-38F4-A16F-F15DEE2D7219}.MinSizeRel|Win32.ActiveCfg = MinSizeRel|Win32
		{79A6017B-0F00-38F4-A16F-F15DEE2D7219}.MinSizeRel|Win32.Build.0 = MinSizeRel|Win32
		{79A6017B-0F00-38F4-A16F-F15DEE2D7219}.RelWithDebInfo|Win32.ActiveCfg = RelWithDebInfo|Win32
		{79A6017B-0F00-38F4-A16F-F15DEE2D7219}.RelWithDebInfo|Win32.Build.0 = RelWithDebInfo|Win32
		{7B52A59C-98E9-3A09-A186-BFC0BE079F65}.Debug|Win32.ActiveCfg = Debug|Win32
		{7B52A59C-98E9-3A09-A186-BFC0BE079F65}.Debug|Win32.Build.0 = Debug|Win32
		{7B52A59C-98E9-3A09-A186-BFC0BE079F65}.Release|Win32.ActiveCfg = Release|Win32
		{7B52A59C-98E9-3A09-A186-BFC0BE079F65}.Release|Win32.Build.0 = Release|Win32
		{7B52A59C-98E9-3A09-A186-BFC0BE079F65}.MinSizeRel|Win32.ActiveCfg = MinSizeRel|Win32
		{7B52A59C-98E9-3A09-A186-BFC0BE079F65}.MinSizeRel|Win32.Build.0 = MinSizeRel|Win32
		{7B52A59C-98E9-3A09-A186-BFC0BE079F65}.RelWithDebInfo|Win32.ActiveCfg = RelWithDebInfo|Win32
		{7B52A59C-98E9-3A09-A186-BFC0BE079F65}.RelWithDebInfo|Win32.Build.0 = RelWithDebInfo|Win32
		{7E098BF1-6E12-3867-A95C-9DDEFED1BBFD}.Debug|Win32.ActiveCfg = Debug|Win32
		{7E098BF1-6E12-3867-A95C-9DDEFED1BBFD}.Debug|Win32.Build.0 = Debug|Win32
		{7E098BF1-6E12-3867-A95C-9DDEFED1BBFD}.Release|Win32.ActiveCfg = Release|Win32
		{7E098BF1-6E12-3867-A95C-9DDEFED1BBFD}.Release|Win32.Build.0 = Release|Win32
		{7E098BF1-6E12-3867-A95C-9DDEFED1BBFD}.MinSizeRel|Win32.ActiveCfg = MinSizeRel|Win32
		{7E098BF1-6E12-3867-A95C-9DDEFED1BBFD}.MinSizeRel|Win32.Build.0 = MinSizeRel|Win32
		{7E098BF1-6E12-3867-A95C-9DDEFED1BBFD}.RelWithDebInfo|Win32.ActiveCfg = RelWithDebInfo|Win32
		{7E098BF1-6E12-3867-A95C-9DDEFED1BBFD}.RelWithDebInfo|Win32.Build.0 = RelWithDebInfo|Win32
		{05AA5D68-8FD2-3702-9746-121D4CCAFDD4}.Debug|Win32.ActiveCfg = Debug|Win32
		{05AA5D68-8FD2-3702-9746-121D4CCAFDD4}.Debug|Win32.Build.0 = Debug|Win32
		{05AA5D68-8FD2-3702-9746-121D4CCAFDD4}.Release|Win32.ActiveCfg = Release|Win32
		{05AA5D68-8FD2-3702-9746-121D4CCAFDD4}.Release|Win32.Build.0 = Release|Win32
		{05AA5D68-8FD2-3702-9746-121D4CCAFDD4}.MinSizeRel|Win32.ActiveCfg = MinSizeRel|Win32
		{05AA5D68-8FD2-3702-9746-121D4CCAFDD4}.MinSizeRel|Win32.Build.0 = MinSizeRel|Win32
		{05AA5D68-8FD2-3702-9746-121D4CCAFDD4}.RelWithDebInfo|Win32.ActiveCfg = RelWithDebInfo|Win32
		{05AA5D68-8FD2-3702-9746-121D4CCAFDD4}.RelWithDebInfo|Win32.Build.0 = RelWithDebInfo|Win32
		{DB47C04D-5CC6-3562-8F5D-3AFBDACBB0C5}.Debug|Win32.ActiveCfg = Debug|Win32
		{DB47C04D-5CC6-3562-8F5D-3AFBDACBB0C5}.Debug|Win32.Build.0 = Debug|Win32
		{DB47C04D-5CC6-3562-8F5D-3AFBDACBB0C5}.Release|Win32.ActiveCfg = Release|Win32
		{DB47C04D-5CC6-3562-8F5D-3AFBDACBB0C5}.Release|Win32.Build.0 = Release|Win32
		{DB47C04D-5CC6-3562-8F5D-3AFBDACBB0C5}.MinSizeRel|Win32.ActiveCfg = MinSizeRel|Win32
		{DB47C04D-5CC6-3562-8F5D-3AFBDACBB0C5}.MinSizeRel|Win32.Build.0 = MinSizeRel|Win32
		{DB47C04D-5CC6-3562-8F5D-3AFBDACBB0C5}.RelWithDebInfo|Win32.ActiveCfg = RelWithDebInfo|Win32
		{DB47C04D-5CC6-3562-8F5D-3AFBDACBB0C5}.RelWithDebInfo|Win32.Build.0 = RelWithDebInfo|Win32
		{BC8697CC-F765-3406-AA4D-52785F0B76E2}.Debug|Win32.ActiveCfg = Debug|Win32
		{BC8697CC-F765-3406-AA4D-52785F0B76E2}.Debug|Win32.Build.0 = Debug|Win32
		{BC8697CC-F765-3406-AA4D-52785F0B76E2}.Release|Win32.ActiveCfg = Release|Win32
		{BC8697CC-F765-3406-AA4D-52785F0B76E2}.Release|Win32.Build.0 = Release|Win32
		{BC8697CC-F765-3406-AA4D-52785F0B76E2}.MinSizeRel|Win32.ActiveCfg = MinSizeRel|Win32
		{BC8697CC-F765-3406-AA4D-52785F0B76E2}.MinSizeRel|Win32.Build.0 = MinSizeRel|Win32
		{BC8697CC-F765-3406-AA4D-52785F0B76E2}.RelWithDebInfo|Win32.ActiveCfg = RelWithDebInfo|Win32
		{BC8697CC-F765-3406-AA4D-52785F0B76E2}.RelWithDebInfo|Win32.Build.0 = RelWithDebInfo|Win32
		{51B1F8EA-364B-3BB9-AC44-69D35AB5506C}.Debug|Win32.ActiveCfg = Debug|Win32
		{51B1F8EA-364B-3BB9-AC44-69D35AB5506C}.Debug|Win32.Build.0 = Debug|Win32
		{51B1F8EA-364B-3BB9-AC44-69D35AB5506C}.Release|Win32.ActiveCfg = Release|Win32
		{51B1F8EA-364B-3BB9-AC44-69D35AB5506C}.Release|Win32.Build.0 = Release|Win32
		{51B1F8EA-364B-3BB9-AC44-69D35AB5506C}.MinSizeRel|Win32.ActiveCfg = MinSizeRel|Win32
		{51B1F8EA-364B-3BB9-AC44-69D35AB5506C}.MinSizeRel|Win32.Build.0 = MinSizeRel|Win32
		{51B1F8EA-364B-3BB9-AC44-69D35AB5506C}.RelWithDebInfo|Win32.ActiveCfg = RelWithDebInfo|Win32
		{51B1F8EA-364B-3BB9-AC44-69D35AB5506C}.RelWithDebInfo|Win32.Build.0 = RelWithDebInfo|Win32
		{D1C09203-B0BC-31BB-8175-59453379B7D4}.Debug|Win32.ActiveCfg = Debug|Win32
		{D1C09203-B0BC-31BB-8175-59453379B7D4}.Debug|Win32.Build.0 = Debug|Win32
		{D1C09203-B0BC-31BB-8175-59453379B7D4}.Release|Win32.ActiveCfg = Release|Win32
		{D1C09203-B0BC-31BB-8175-59453379B7D4}.Release|Win32.Build.0 = Release|Win32
		{D1C09203-B0BC-31BB-8175-59453379B7D4}.MinSizeRel|Win32.ActiveCfg = MinSizeRel|Win32
		{D1C09203-B0BC-31BB-8175-59453379B7D4}.MinSizeRel|Win32.Build.0 = MinSizeRel|Win32
		{D1C09203-B0BC-31BB-8175-59453379B7D4}.RelWithDebInfo|Win32.ActiveCfg = RelWithDebInfo|Win32
		{D1C09203-B0BC-31BB-8175-59453379B7D4}.RelWithDebInfo|Win32.Build.0 = RelWithDebInfo|Win32
		{AF679D1C-7B1C-36CF-816D-5D2F405EB369}.Debug|Win32.ActiveCfg = Debug|Win32
		{AF679D1C-7B1C-36CF-816D-5D2F405EB369}.Debug|Win32.Build.0 = Debug|Win32
		{AF679D1C-7B1C-36CF-816D-5D2F405EB369}.Release|Win32.ActiveCfg = Release|Win32
		{AF679D1C-7B1C-36CF-816D-5D2F405EB369}.Release|Win32.Build.0 = Release|Win32
		{AF679D1C-7B1C-36CF-816D-5D2F405EB369}.MinSizeRel|Win32.ActiveCfg = MinSizeRel|Win32
		{AF679D1C-7B1C-36CF-816D-5D2F405EB369}.MinSizeRel|Win32.Build.0 = MinSizeRel|Win32
		{AF679D1C-7B1C-36CF-816D-5D2F405EB369}.RelWithDebInfo|Win32.ActiveCfg = RelWithDebInfo|Win32
		{AF679D1C-7B1C-36CF-816D-5D2F405EB369}.RelWithDebInfo|Win32.Build.0 = RelWithDebInfo|Win32
		{FA6B67AD-4384-37E0-8E6C-F1AD361DE514}.Debug|Win32.ActiveCfg = Debug|Win32
		{FA6B67AD-4384-37E0-8E6C-F1AD361DE514}.Debug|Win32.Build.0 = Debug|Win32
		{FA6B67AD-4384-37E0-8E6C-F1AD361DE514}.Release|Win32.ActiveCfg = Release|Win32
		{FA6B67AD-4384-37E0-8E6C-F1AD361DE514}.Release|Win32.Build.0 = Release|Win32
		{FA6B67AD-4384-37E0-8E6C-F1AD361DE514}.MinSizeRel|Win32.ActiveCfg = MinSizeRel|Win32
		{FA6B67AD-4384-37E0-8E6C-F1AD361DE514}.MinSizeRel|Win32.Build.0 = MinSizeRel|Win32
		{FA6B67AD-4384-37E0-8E6C-F1AD361DE514}.RelWithDebInfo|Win32.ActiveCfg = RelWithDebInfo|Win32
		{FA6B67AD-4384-37E0-8E6C-F1AD361DE514}.RelWithDebInfo|Win32.Build.0 = RelWithDebInfo|Win32
		{84053C97-C2E2-3FEE-A19C-A45D235A4EFD}.Debug|Win32.ActiveCfg = Debug|Win32
		{84053C97-C2E2-3FEE-A19C-A45D235A4EFD}.Debug|Win32.Build.0 = Debug|Win32
		{84053C97-C2E2-3FEE-A19C-A45D235A4EFD}.Release|Win32.ActiveCfg = Release|Win32
		{84053C97-C2E2-3FEE-A19C-A45D235A4EFD}.Release|Win32.Build.0 = Release|Win32
		{84053C97-C2E2-3FEE-A19C-A45D235A4EFD}.MinSizeRel|Win32.ActiveCfg = MinSizeRel|Win32
		{84053C97-C2E2-3FEE-A19C-A45D235A4EFD}.MinSizeRel|Win32.Build.0 = MinSizeRel|Win32
		{84053C97-C2E2-3FEE-A19C-A45D235A4EFD}.RelWithDebInfo|Win32.ActiveCfg = RelWithDebInfo|Win32
		{84053C97-C2E2-3FEE-A19C-A45D235A4EFD}.RelWithDebInfo|Win32.Build.0 = RelWithDebInfo|Win32
		{BF77C8D7-FC2D-3361-A974-BE5F5B734F66}.Debug|Win32.ActiveCfg = Debug|Win32
		{BF77C8D7-FC2D-3361-A974-BE5F5B734F66}.Debug|Win32.Build.0 = Debug|Win32
		{BF77C8D7-FC2D-3361-A974-BE5F5B734F66}.Release|Win32.ActiveCfg = Release|Win32
		{BF77C8D7-FC2D-3361-A974-BE5F5B734F66}.Release|Win32.Build.0 = Release|Win32
		{BF77C8D7-FC2D-3361-A974-BE5F5B734F66}.MinSizeRel|Win32.ActiveCfg = MinSizeRel|Win32
		{BF77C8D7-FC2D-3361-A974-BE5F5B734F66}.MinSizeRel|Win32.Build.0 = MinSizeRel|Win32
		{BF77C8D7-FC2D-3361-A974-BE5F5B734F66}.RelWithDebInfo|Win32.ActiveCfg = RelWithDebInfo|Win32
		{BF77C8D7-FC2D-3361-A974-BE5F5B734F66}.RelWithDebInfo|Win32.Build.0 = RelWithDebInfo|Win32
		{7BF29F4A-5A18-356E-B9A5-AF7BFB5282D0}.Debug|Win32.ActiveCfg = Debug|Win32
		{7BF29F4A-5A18-356E-B9A5-AF7BFB5282D0}.Debug|Win32.Build.0 = Debug|Win32
		{7BF29F4A-5A18-356E-B9A5-AF7BFB5282D0}.Release|Win32.ActiveCfg = Release|Win32
		{7BF29F4A-5A18-356E-B9A5-AF7BFB5282D0}.Release|Win32.Build.0 = Release|Win32
		{7BF29F4A-5A18-356E-B9A5-AF7BFB5282D0}.MinSizeRel|Win32.ActiveCfg = MinSizeRel|Win32
		{7BF29F4A-5A18-356E-B9A5-AF7BFB5282D0}.MinSizeRel|Win32.Build.0 = MinSizeRel|Win32
		{7BF29F4A-5A18-356E-B9A5-AF7BFB5282D0}.RelWithDebInfo|Win32.ActiveCfg = RelWithDebInfo|Win32
		{7BF29F4A-5A18-356E-B9A5-AF7BFB5282D0}.RelWithDebInfo|Win32.Build.0 = RelWithDebInfo|Win32
		{F942F531-A399-3592-81DE-34256F2D2EE5}.Debug|Win32.ActiveCfg = Debug|Win32
		{F942F531-A399-3592-81DE-34256F2D2EE5}.Debug|Win32.Build.0 = Debug|Win32
		{F942F531-A399-3592-81DE-34256F2D2EE5}.Release|Win32.ActiveCfg = Release|Win32
		{F942F531-A399-3592-81DE-34256F2D2EE5}.Release|Win32.Build.0 = Release|Win32
		{F942F531-A399-3592-81DE-34256F2D2EE5}.MinSizeRel|Win32.ActiveCfg = MinSizeRel|Win32
		{F942F531-A399-3592-81DE-34256F2D2EE5}.MinSizeRel|Win32.Build.0 = MinSizeRel|Win32
		{F942F531-A399-3592-81DE-34256F2D2EE5}.RelWithDebInfo|Win32.ActiveCfg = RelWithDebInfo|Win32
		{F942F531-A399-3592-81DE-34256F2D2EE5}.RelWithDebInfo|Win32.Build.0 = RelWithDebInfo|Win32
		{2A654A64-F69A-3B36-B455-778B8B57107A}.Debug|Win32.ActiveCfg = Debug|Win32
		{2A654A64-F69A-3B36-B455-778B8B57107A}.Debug|Win32.Build.0 = Debug|Win32
		{2A654A64-F69A-3B36-B455-778B8B57107A}.Release|Win32.ActiveCfg = Release|Win32
		{2A654A64-F69A-3B36-B455-778B8B57107A}.Release|Win32.Build.0 = Release|Win32
		{2A654A64-F69A-3B36-B455-778B8B57107A}.MinSizeRel|Win32.ActiveCfg = MinSizeRel|Win32
		{2A654A64-F69A-3B36-B455-778B8B57107A}.MinSizeRel|Win32.Build.0 = MinSizeRel|Win32
		{2A654A64-F69A-3B36-B455-778B8B57107A}.RelWithDebInfo|Win32.ActiveCfg = RelWithDebInfo|Win32
		{2A654A64-F69A-3B36-B455-778B8B57107A}.RelWithDebInfo|Win32.Build.0 = RelWithDebInfo|Win32
		{DDEE66DD-76DB-3D19-A4AC-7D0B58CF1539}.Debug|Win32.ActiveCfg = Debug|Win32
		{DDEE66DD-76DB-3D19-A4AC-7D0B58CF1539}.Debug|Win32.Build.0 = Debug|Win32
		{DDEE66DD-76DB-3D19-A4AC-7D0B58CF1539}.Release|Win32.ActiveCfg = Release|Win32
		{DDEE66DD-76DB-3D19-A4AC-7D0B58CF1539}.Release|Win32.Build.0 = Release|Win32
		{DDEE66DD-76DB-3D19-A4AC-7D0B58CF1539}.MinSizeRel|Win32.ActiveCfg = MinSizeRel|Win32
		{DDEE66DD-76DB-3D19-A4AC-7D0B58CF1539}.MinSizeRel|Win32.Build.0 = MinSizeRel|Win32
		{DDEE66DD-76DB-3D19-A4AC-7D0B58CF1539}.RelWithDebInfo|Win32.ActiveCfg = RelWithDebInfo|Win32
		{DDEE66DD-76DB-3D19-A4AC-7D0B58CF1539}.RelWithDebInfo|Win32.Build.0 = RelWithDebInfo|Win32
		{5716FA3C-C7F2-30AC-84D5-9B4A173493AE}.Debug|Win32.ActiveCfg = Debug|Win32
		{5716FA3C-C7F2-30AC-84D5-9B4A173493AE}.Debug|Win32.Build.0 = Debug|Win32
		{5716FA3C-C7F2-30AC-84D5-9B4A173493AE}.Release|Win32.ActiveCfg = Release|Win32
		{5716FA3C-C7F2-30AC-84D5-9B4A173493AE}.Release|Win32.Build.0 = Release|Win32
		{5716FA3C-C7F2-30AC-84D5-9B4A173493AE}.MinSizeRel|Win32.ActiveCfg = MinSizeRel|Win32
		{5716FA3C-C7F2-30AC-84D5-9B4A173493AE}.MinSizeRel|Win32.Build.0 = MinSizeRel|Win32
		{5716FA3C-C7F2-30AC-84D5-9B4A173493AE}.RelWithDebInfo|Win32.ActiveCfg = RelWithDebInfo|Win32
		{5716FA3C-C7F2-30AC-84D5-9B4A173493AE}.RelWithDebInfo|Win32.Build.0 = RelWithDebInfo|Win32
		{7CB79778-D75B-3162-9023-6884A714FFA9}.Debug|Win32.ActiveCfg = Debug|Win32
		{7CB79778-D75B-3162-9023-6884A714FFA9}.Debug|Win32.Build.0 = Debug|Win32
		{7CB79778-D75B-3162-9023-6884A714FFA9}.Release|Win32.ActiveCfg = Release|Win32
		{7CB79778-D75B-3162-9023-6884A714FFA9}.Release|Win32.Build.0 = Release|Win32
		{7CB79778-D75B-3162-9023-6884A714FFA9}.MinSizeRel|Win32.ActiveCfg = MinSizeRel|Win32
		{7CB79778-D75B-3162-9023-6884A714FFA9}.MinSizeRel|Win32.Build.0 = MinSizeRel|Win32
		{7CB79778-D75B-3162-9023-6884A714FFA9}.RelWithDebInfo|Win32.ActiveCfg = RelWithDebInfo|Win32
		{7CB79778-D75B-3162-9023-6884A714FFA9}.RelWithDebInfo|Win32.Build.0 = RelWithDebInfo|Win32
		{9B9626D1-C87A-38CE-A7FB-D6340EE854C6}.Debug|Win32.ActiveCfg = Debug|Win32
		{9B9626D1-C87A-38CE-A7FB-D6340EE854C6}.Debug|Win32.Build.0 = Debug|Win32
		{9B9626D1-C87A-38CE-A7FB-D6340EE854C6}.Release|Win32.ActiveCfg = Release|Win32
		{9B9626D1-C87A-38CE-A7FB-D6340EE854C6}.Release|Win32.Build.0 = Release|Win32
		{9B9626D1-C87A-38CE-A7FB-D6340EE854C6}.MinSizeRel|Win32.ActiveCfg = MinSizeRel|Win32
		{9B9626D1-C87A-38CE-A7FB-D6340EE854C6}.MinSizeRel|Win32.Build.0 = MinSizeRel|Win32
		{9B9626D1-C87A-38CE-A7FB-D6340EE854C6}.RelWithDebInfo|Win32.ActiveCfg = RelWithDebInfo|Win32
		{9B9626D1-C87A-38CE-A7FB-D6340EE854C6}.RelWithDebInfo|Win32.Build.0 = RelWithDebInfo|Win32
		{05D8DB0C-0858-3500-998A-C150896AA6F5}.Debug|Win32.ActiveCfg = Debug|Win32
		{05D8DB0C-0858-3500-998A-C150896AA6F5}.Debug|Win32.Build.0 = Debug|Win32
		{05D8DB0C-0858-3500-998A-C150896AA6F5}.Release|Win32.ActiveCfg = Release|Win32
		{05D8DB0C-0858-3500-998A-C150896AA6F5}.Release|Win32.Build.0 = Release|Win32
		{05D8DB0C-0858-3500-998A-C150896AA6F5}.MinSizeRel|Win32.ActiveCfg = MinSizeRel|Win32
		{05D8DB0C-0858-3500-998A-C150896AA6F5}.MinSizeRel|Win32.Build.0 = MinSizeRel|Win32
		{05D8DB0C-0858-3500-998A-C150896AA6F5}.RelWithDebInfo|Win32.ActiveCfg = RelWithDebInfo|Win32
		{05D8DB0C-0858-3500-998A-C150896AA6F5}.RelWithDebInfo|Win32.Build.0 = RelWithDebInfo|Win32
		{C8A1D816-D53E-3F77-B17F-82C97153B964}.Debug|Win32.ActiveCfg = Debug|Win32
		{C8A1D816-D53E-3F77-B17F-82C97153B964}.Debug|Win32.Build.0 = Debug|Win32
		{C8A1D816-D53E-3F77-B17F-82C97153B964}.Release|Win32.ActiveCfg = Release|Win32
		{C8A1D816-D53E-3F77-B17F-82C97153B964}.Release|Win32.Build.0 = Release|Win32
		{C8A1D816-D53E-3F77-B17F-82C97153B964}.MinSizeRel|Win32.ActiveCfg = MinSizeRel|Win32
		{C8A1D816-D53E-3F77-B17F-82C97153B964}.MinSizeRel|Win32.Build.0 = MinSizeRel|Win32
		{C8A1D816-D53E-3F77-B17F-82C97153B964}.RelWithDebInfo|Win32.ActiveCfg = RelWithDebInfo|Win32
		{C8A1D816-D53E-3F77-B17F-82C97153B964}.RelWithDebInfo|Win32.Build.0 = RelWithDebInfo|Win32
		{F6B39B81-DB17-391A-96DA-15030B454701}.Debug|Win32.ActiveCfg = Debug|Win32
		{F6B39B81-DB17-391A-96DA-15030B454701}.Debug|Win32.Build.0 = Debug|Win32
		{F6B39B81-DB17-391A-96DA-15030B454701}.Release|Win32.ActiveCfg = Release|Win32
		{F6B39B81-DB17-391A-96DA-15030B454701}.Release|Win32.Build.0 = Release|Win32
		{F6B39B81-DB17-391A-96DA-15030B454701}.MinSizeRel|Win32.ActiveCfg = MinSizeRel|Win32
		{F6B39B81-DB17-391A-96DA-15030B454701}.MinSizeRel|Win32.Build.0 = MinSizeRel|Win32
		{F6B39B81-DB17-391A-96DA-15030B454701}.RelWithDebInfo|Win32.ActiveCfg = RelWithDebInfo|Win32
		{F6B39B81-DB17-391A-96DA-15030B454701}.RelWithDebInfo|Win32.Build.0 = RelWithDebInfo|Win32
		{EFAD0C71-6D92-362E-A09E-4E24DE0007D7}.Debug|Win32.ActiveCfg = Debug|Win32
		{EFAD0C71-6D92-362E-A09E-4E24DE0007D7}.Debug|Win32.Build.0 = Debug|Win32
		{EFAD0C71-6D92-362E-A09E-4E24DE0007D7}.Release|Win32.ActiveCfg = Release|Win32
		{EFAD0C71-6D92-362E-A09E-4E24DE0007D7}.Release|Win32.Build.0 = Release|Win32
		{EFAD0C71-6D92-362E-A09E-4E24DE0007D7}.MinSizeRel|Win32.ActiveCfg = MinSizeRel|Win32
		{EFAD0C71-6D92-362E-A09E-4E24DE0007D7}.MinSizeRel|Win32.Build.0 = MinSizeRel|Win32
		{EFAD0C71-6D92-362E-A09E-4E24DE0007D7}.RelWithDebInfo|Win32.ActiveCfg = RelWithDebInfo|Win32
		{EFAD0C71-6D92-362E-A09E-4E24DE0007D7}.RelWithDebInfo|Win32.Build.0 = RelWithDebInfo|Win32
		{915C75C7-426D-3C36-919D-AE091A37EA9A}.Debug|Win32.ActiveCfg = Debug|Win32
		{915C75C7-426D-3C36-919D-AE091A37EA9A}.Debug|Win32.Build.0 = Debug|Win32
		{915C75C7-426D-3C36-919D-AE091A37EA9A}.Release|Win32.ActiveCfg = Release|Win32
		{915C75C7-426D-3C36-919D-AE091A37EA9A}.Release|Win32.Build.0 = Release|Win32
		{915C75C7-426D-3C36-919D-AE091A37EA9A}.MinSizeRel|Win32.ActiveCfg = MinSizeRel|Win32
		{915C75C7-426D-3C36-919D-AE091A37EA9A}.MinSizeRel|Win32.Build.0 = MinSizeRel|Win32
		{915C75C7-426D-3C36-919D-AE091A37EA9A}.RelWithDebInfo|Win32.ActiveCfg = RelWithDebInfo|Win32
		{915C75C7-426D-3C36-919D-AE091A37EA9A}.RelWithDebInfo|Win32.Build.0 = RelWithDebInfo|Win32
		{6E44A6FB-66F9-3A28-A7E1-70A9A81B4EC6}.Debug|Win32.ActiveCfg = Debug|Win32
		{6E44A6FB-66F9-3A28-A7E1-70A9A81B4EC6}.Debug|Win32.Build.0 = Debug|Win32
		{6E44A6FB-66F9-3A28-A7E1-70A9A81B4EC6}.Release|Win32.ActiveCfg = Release|Win32
		{6E44A6FB-66F9-3A28-A7E1-70A9A81B4EC6}.Release|Win32.Build.0 = Release|Win32
		{6E44A6FB-66F9-3A28-A7E1-70A9A81B4EC6}.MinSizeRel|Win32.ActiveCfg = MinSizeRel|Win32
		{6E44A6FB-66F9-3A28-A7E1-70A9A81B4EC6}.MinSizeRel|Win32.Build.0 = MinSizeRel|Win32
		{6E44A6FB-66F9-3A28-A7E1-70A9A81B4EC6}.RelWithDebInfo|Win32.ActiveCfg = RelWithDebInfo|Win32
		{6E44A6FB-66F9-3A28-A7E1-70A9A81B4EC6}.RelWithDebInfo|Win32.Build.0 = RelWithDebInfo|Win32
		{0F401869-54C8-3715-8A1B-4C3143CD0E22}.Debug|Win32.ActiveCfg = Debug|Win32
		{0F401869-54C8-3715-8A1B-4C3143CD0E22}.Release|Win32.ActiveCfg = Release|Win32
		{0F401869-54C8-3715-8A1B-4C3143CD0E22}.MinSizeRel|Win32.ActiveCfg = MinSizeRel|Win32
		{0F401869-54C8-3715-8A1B-4C3143CD0E22}.RelWithDebInfo|Win32.ActiveCfg = RelWithDebInfo|Win32
		{E3778A54-4B02-3258-AF2B-7AD67161BCFD}.Debug|Win32.ActiveCfg = Debug|Win32
		{E3778A54-4B02-3258-AF2B-7AD67161BCFD}.Debug|Win32.Build.0 = Debug|Win32
		{E3778A54-4B02-3258-AF2B-7AD67161BCFD}.Release|Win32.ActiveCfg = Release|Win32
		{E3778A54-4B02-3258-AF2B-7AD67161BCFD}.Release|Win32.Build.0 = Release|Win32
		{E3778A54-4B02-3258-AF2B-7AD67161BCFD}.MinSizeRel|Win32.ActiveCfg = MinSizeRel|Win32
		{E3778A54-4B02-3258-AF2B-7AD67161BCFD}.MinSizeRel|Win32.Build.0 = MinSizeRel|Win32
		{E3778A54-4B02-3258-AF2B-7AD67161BCFD}.RelWithDebInfo|Win32.ActiveCfg = RelWithDebInfo|Win32
		{E3778A54-4B02-3258-AF2B-7AD67161BCFD}.RelWithDebInfo|Win32.Build.0 = RelWithDebInfo|Win32
		{4478A6E6-0F71-33F6-8AB3-3855134A1853}.Debug|Win32.ActiveCfg = Debug|Win32
		{4478A6E6-0F71-33F6-8AB3-3855134A1853}.Debug|Win32.Build.0 = Debug|Win32
		{4478A6E6-0F71-33F6-8AB3-3855134A1853}.Release|Win32.ActiveCfg = Release|Win32
		{4478A6E6-0F71-33F6-8AB3-3855134A1853}.Release|Win32.Build.0 = Release|Win32
		{4478A6E6-0F71-33F6-8AB3-3855134A1853}.MinSizeRel|Win32.ActiveCfg = MinSizeRel|Win32
		{4478A6E6-0F71-33F6-8AB3-3855134A1853}.MinSizeRel|Win32.Build.0 = MinSizeRel|Win32
		{4478A6E6-0F71-33F6-8AB3-3855134A1853}.RelWithDebInfo|Win32.ActiveCfg = RelWithDebInfo|Win32
		{4478A6E6-0F71-33F6-8AB3-3855134A1853}.RelWithDebInfo|Win32.Build.0 = RelWithDebInfo|Win32
		{CE5C2B6C-0837-30EB-BD46-0393CCF4AC84}.Debug|Win32.ActiveCfg = Debug|Win32
		{CE5C2B6C-0837-30EB-BD46-0393CCF4AC84}.Debug|Win32.Build.0 = Debug|Win32
		{CE5C2B6C-0837-30EB-BD46-0393CCF4AC84}.Release|Win32.ActiveCfg = Release|Win32
		{CE5C2B6C-0837-30EB-BD46-0393CCF4AC84}.Release|Win32.Build.0 = Release|Win32
		{CE5C2B6C-0837-30EB-BD46-0393CCF4AC84}.MinSizeRel|Win32.ActiveCfg = MinSizeRel|Win32
		{CE5C2B6C-0837-30EB-BD46-0393CCF4AC84}.MinSizeRel|Win32.Build.0 = MinSizeRel|Win32
		{CE5C2B6C-0837-30EB-BD46-0393CCF4AC84}.RelWithDebInfo|Win32.ActiveCfg = RelWithDebInfo|Win32
		{CE5C2B6C-0837-30EB-BD46-0393CCF4AC84}.RelWithDebInfo|Win32.Build.0 = RelWithDebInfo|Win32
	EndGlobalSection
	GlobalSection(NestedProjects) = preSolution
		{D2F0BC25-62E4-3C5F-91EB-37D4660FEE61} = {4E5E8CE9-DB20-3DC3-9CDC-A9FF34D9F52A}
		{439009C0-684D-309E-87C4-2FCF621C3872} = {4E5E8CE9-DB20-3DC3-9CDC-A9FF34D9F52A}
		{5BAA5A72-11B4-386C-868E-EB0FC0FD1E01} = {4E5E8CE9-DB20-3DC3-9CDC-A9FF34D9F52A}
		{19B9F8E7-ABFC-3FC9-96D6-1E40AB50D6CF} = {C739642A-D03D-3A40-AD92-5565CD408091}
		{79A2F006-5921-3F91-9FAC-7AD3343C999D} = {C739642A-D03D-3A40-AD92-5565CD408091}
		{9EC3A57B-0A5C-3E68-9527-C1D4D3CA4DA9} = {C739642A-D03D-3A40-AD92-5565CD408091}
		{B91D7BE4-9236-38D6-85BA-65446D0A1ACE} = {19B9F8E7-ABFC-3FC9-96D6-1E40AB50D6CF}
		{28789BFD-B21F-39A8-9C11-E2DDE545138F} = {19B9F8E7-ABFC-3FC9-96D6-1E40AB50D6CF}
		{7CB3662E-058E-35AC-8002-B3AEAD632EBB} = {19B9F8E7-ABFC-3FC9-96D6-1E40AB50D6CF}
		{7336F95C-AF93-374D-BC92-8669E1284DE6} = {19B9F8E7-ABFC-3FC9-96D6-1E40AB50D6CF}
		{F1052ECB-D1D0-3946-81E5-8C049D79725C} = {19B9F8E7-ABFC-3FC9-96D6-1E40AB50D6CF}
		{9C10C631-B48D-3DFB-9D06-08E49C0AE4AF} = {19B9F8E7-ABFC-3FC9-96D6-1E40AB50D6CF}
		{E3778A54-4B02-3258-AF2B-7AD67161BCFD} = {19B9F8E7-ABFC-3FC9-96D6-1E40AB50D6CF}
		{1C113FE1-2288-3EBA-9848-EAB5BC75B60A} = {79A2F006-5921-3F91-9FAC-7AD3343C999D}
		{A2BD6347-1719-3E82-BDA2-D3CDA1C05CFB} = {79A2F006-5921-3F91-9FAC-7AD3343C999D}
		{CAE274AD-5928-376E-84C7-722DDB171C41} = {79A2F006-5921-3F91-9FAC-7AD3343C999D}
		{42D9AC5C-42B8-3D1E-A49E-6B675744139D} = {79A2F006-5921-3F91-9FAC-7AD3343C999D}
		{6E0E7E7C-BD2D-3958-8626-E5729E582D40} = {79A2F006-5921-3F91-9FAC-7AD3343C999D}
		{C18C1C14-6231-3A5B-9AB2-3988C73538DE} = {79A2F006-5921-3F91-9FAC-7AD3343C999D}
		{5F600FA1-2EC7-398D-933E-615C139EF0BA} = {79A2F006-5921-3F91-9FAC-7AD3343C999D}
		{74690E88-97AB-3B3D-A604-66AF98BDE4A8} = {79A2F006-5921-3F91-9FAC-7AD3343C999D}
		{C81F22D7-536C-3B33-9C8C-3329608A4028} = {79A2F006-5921-3F91-9FAC-7AD3343C999D}
		{EFFC2D2E-E5C5-3462-8259-FCB5DF0F362F} = {79A2F006-5921-3F91-9FAC-7AD3343C999D}
		{F7315476-C805-35C0-A6C6-2B2915F30B4B} = {79A2F006-5921-3F91-9FAC-7AD3343C999D}
		{F075A113-74D1-3C30-BF0B-4137FAF5EC2B} = {79A2F006-5921-3F91-9FAC-7AD3343C999D}
		{79A6017B-0F00-38F4-A16F-F15DEE2D7219} = {79A2F006-5921-3F91-9FAC-7AD3343C999D}
		{7B52A59C-98E9-3A09-A186-BFC0BE079F65} = {79A2F006-5921-3F91-9FAC-7AD3343C999D}
		{7E098BF1-6E12-3867-A95C-9DDEFED1BBFD} = {79A2F006-5921-3F91-9FAC-7AD3343C999D}
		{4478A6E6-0F71-33F6-8AB3-3855134A1853} = {79A2F006-5921-3F91-9FAC-7AD3343C999D}
	EndGlobalSection
	GlobalSection(ExtensibilityGlobals) = postSolution
		SolutionGuid = {13AF6D23-8845-3E9D-98E6-0BA14DF2F6F1}
	EndGlobalSection
	GlobalSection(ExtensibilityAddIns) = postSolution
	EndGlobalSection
EndGlobal
